
Microsoft Visual Studio Solution File, Format Version 12.00
# Visual Studio Version 17
VisualStudioVersion = 17.0.31903.59
MinimumVisualStudioVersion = 10.0.40219.1
Project("{2150E333-8FDC-42A3-9474-1A3956D46DE8}") = "src", "src", "{827E0CD3-B72D-47B6-A68D-7590B98EB39B}"
EndProject
Project("{FAE04EC0-301F-11D3-BF4B-00C04F79EFBC}") = "Maran.Host", "src\Maran.Host\Maran.Host.csproj", "{0F8B6267-3A5F-448E-A91F-0CF0E0714FD4}"
EndProject
Project("{2150E333-8FDC-42A3-9474-1A3956D46DE8}") = "tests", "tests", "{0AB3BF05-4346-4AA6-1389-037BE0695223}"
EndProject
Project("{FAE04EC0-301F-11D3-BF4B-00C04F79EFBC}") = "Maran.Host.Tests", "tests\Maran.Host.Tests\Maran.Host.Tests.csproj", "{9850EDC9-C014-488C-BB07-6D28020C8994}"
EndProject
Project("{FAE04EC0-301F-11D3-BF4B-00C04F79EFBC}") = "Maran.SharedKernel", "src\Maran.SharedKernel\Maran.SharedKernel.csproj", "{4DE28FCC-CEAD-4C67-BA35-802B999E1AA3}"
EndProject
Project("{FAE04EC0-301F-11D3-BF4B-00C04F79EFBC}") = "Maran.SharedKernel.Tests", "tests\Maran.SharedKernel.Tests\Maran.SharedKernel.Tests.csproj", "{9FF36107-1254-43EF-A550-7AD16D799A98}"
EndProject
Project("{FAE04EC0-301F-11D3-BF4B-00C04F79EFBC}") = "Maran.Agent.Client", "src\Maran.Agent.Client\Maran.Agent.Client.csproj", "{2D5F4B42-4ABC-4464-94DE-241F6CBC3EA2}"
EndProject
Project("{FAE04EC0-301F-11D3-BF4B-00C04F79EFBC}") = "Maran.Agent.Client.Tests", "tests\Maran.Agent.Client.Tests\Maran.Agent.Client.Tests.csproj", "{C8540F41-E7C1-4A74-A845-240659B92E04}"
EndProject
Project("{FAE04EC0-301F-11D3-BF4B-00C04F79EFBC}") = "Maran.Sdk", "src\Maran.Sdk\Maran.Sdk.csproj", "{E0AE9274-7D4C-47FA-A2FD-2BBC57D19DFB}"
EndProject
Project("{FAE04EC0-301F-11D3-BF4B-00C04F79EFBC}") = "Maran.ArchitectureTests", "tests\Maran.ArchitectureTests\Maran.ArchitectureTests.csproj", "{00C93B4C-1145-4FF3-8126-7C48B220AEEC}"
EndProject
Project("{FAE04EC0-301F-11D3-BF4B-00C04F79EFBC}") = "Maran.Host.IntegrationTests", "tests\Maran.Host.IntegrationTests\Maran.Host.IntegrationTests.csproj", "{F5501078-8FDF-414C-AC66-4F470A43EC05}"
EndProject
Project("{2150E333-8FDC-42A3-9474-1A3956D46DE8}") = "Solution Items", "Solution Items", "{9263E74A-B2E6-454A-B965-6C2A0F00C99E}"
	ProjectSection(SolutionItems) = preProject
		.editorconfig = .editorconfig
		Directory.Build.props = Directory.Build.props
		Directory.Packages.props = Directory.Packages.props
		nuget.config = nuget.config
	EndProjectSection
EndProject
Project("{FAE04EC0-301F-11D3-BF4B-00C04F79EFBC}") = "Maran.Modules.Accounts", "src\Maran.Modules\Accounts\Maran.Modules.Accounts.csproj", "{10D84D9C-705C-4368-9183-A46DF34B4A61}"
EndProject
Project("{FAE04EC0-301F-11D3-BF4B-00C04F79EFBC}") = "Maran.Modules.Accounts.Tests", "tests\Maran.Modules.Accounts.Tests\Maran.Modules.Accounts.Tests.csproj", "{1BBB390E-2AA2-419C-8FEE-AD0FD05FA9F6}"
EndProject
Project("{2150E333-8FDC-42A3-9474-1A3956D46DE8}") = "Maran.Modules", "Maran.Modules", "{82FF9852-D456-48A4-F82C-8B6EE58700A6}"
EndProject
Project("{2150E333-8FDC-42A3-9474-1A3956D46DE8}") = "Identity", "Identity", "{05F6B5DF-6232-08A3-4F37-3DFAA1AF3FCE}"
EndProject
Project("{FAE04EC0-301F-11D3-BF4B-00C04F79EFBC}") = "Maran.Modules.Identity", "src\Maran.Modules\Identity\Maran.Modules.Identity.csproj", "{EE0CB246-1080-4451-AB9F-E2023F52BFD8}"
EndProject
Project("{FAE04EC0-301F-11D3-BF4B-00C04F79EFBC}") = "Maran.Modules.Identity.Tests", "tests\Maran.Modules.Identity.Tests\Maran.Modules.Identity.Tests.csproj", "{AED395FC-80E3-4F0B-8C74-20D580E20533}"
EndProject
Project("{2150E333-8FDC-42A3-9474-1A3956D46DE8}") = "Sites", "Sites", "{FF30EEA2-560D-A1E0-2527-7DEEE9643BAD}"
EndProject
Project("{FAE04EC0-301F-11D3-BF4B-00C04F79EFBC}") = "Maran.Modules.Sites", "src\Maran.Modules\Sites\Maran.Modules.Sites.csproj", "{B5852D60-EF6B-4144-8964-EB5AEB9A6A21}"
EndProject
Project("{FAE04EC0-301F-11D3-BF4B-00C04F79EFBC}") = "Maran.Modules.Sites.Tests", "tests\Maran.Modules.Sites.Tests\Maran.Modules.Sites.Tests.csproj", "{B81D9FAB-D8A2-4405-82E0-CA027286DC67}"
EndProject
Project("{2150E333-8FDC-42A3-9474-1A3956D46DE8}") = "Ssl", "Ssl", "{335A53F8-FEC2-3C74-0F00-6022ED2AD97E}"
EndProject
Project("{FAE04EC0-301F-11D3-BF4B-00C04F79EFBC}") = "Maran.Modules.Ssl", "src\Maran.Modules\Ssl\Maran.Modules.Ssl.csproj", "{364910BA-20DC-4D65-91AF-ADBDB8C4A981}"
EndProject
Project("{FAE04EC0-301F-11D3-BF4B-00C04F79EFBC}") = "Maran.Modules.Ssl.Tests", "tests\Maran.Modules.Ssl.Tests\Maran.Modules.Ssl.Tests.csproj", "{811F7790-F467-439E-9AB0-7D75B86F3B08}"
EndProject
Global
	GlobalSection(SolutionConfigurationPlatforms) = preSolution
		Debug|Any CPU = Debug|Any CPU
		Debug|x64 = Debug|x64
		Debug|x86 = Debug|x86
		Release|Any CPU = Release|Any CPU
		Release|x64 = Release|x64
		Release|x86 = Release|x86
	EndGlobalSection
	GlobalSection(ProjectConfigurationPlatforms) = postSolution
		{0F8B6267-3A5F-448E-A91F-0CF0E0714FD4}.Debug|Any CPU.ActiveCfg = Debug|Any CPU
		{0F8B6267-3A5F-448E-A91F-0CF0E0714FD4}.Debug|Any CPU.Build.0 = Debug|Any CPU
		{0F8B6267-3A5F-448E-A91F-0CF0E0714FD4}.Debug|x64.ActiveCfg = Debug|Any CPU
		{0F8B6267-3A5F-448E-A91F-0CF0E0714FD4}.Debug|x64.Build.0 = Debug|Any CPU
		{0F8B6267-3A5F-448E-A91F-0CF0E0714FD4}.Debug|x86.ActiveCfg = Debug|Any CPU
		{0F8B6267-3A5F-448E-A91F-0CF0E0714FD4}.Debug|x86.Build.0 = Debug|Any CPU
		{0F8B6267-3A5F-448E-A91F-0CF0E0714FD4}.Release|Any CPU.ActiveCfg = Release|Any CPU
		{0F8B6267-3A5F-448E-A91F-0CF0E0714FD4}.Release|Any CPU.Build.0 = Release|Any CPU
		{0F8B6267-3A5F-448E-A91F-0CF0E0714FD4}.Release|x64.ActiveCfg = Release|Any CPU
		{0F8B6267-3A5F-448E-A91F-0CF0E0714FD4}.Release|x64.Build.0 = Release|Any CPU
		{0F8B6267-3A5F-448E-A91F-0CF0E0714FD4}.Release|x86.ActiveCfg = Release|Any CPU
		{0F8B6267-3A5F-448E-A91F-0CF0E0714FD4}.Release|x86.Build.0 = Release|Any CPU
		{9850EDC9-C014-488C-BB07-6D28020C8994}.Debug|Any CPU.ActiveCfg = Debug|Any CPU
		{9850EDC9-C014-488C-BB07-6D28020C8994}.Debug|Any CPU.Build.0 = Debug|Any CPU
		{9850EDC9-C014-488C-BB07-6D28020C8994}.Debug|x64.ActiveCfg = Debug|Any CPU
		{9850EDC9-C014-488C-BB07-6D28020C8994}.Debug|x64.Build.0 = Debug|Any CPU
		{9850EDC9-C014-488C-BB07-6D28020C8994}.Debug|x86.ActiveCfg = Debug|Any CPU
		{9850EDC9-C014-488C-BB07-6D28020C8994}.Debug|x86.Build.0 = Debug|Any CPU
		{9850EDC9-C014-488C-BB07-6D28020C8994}.Release|Any CPU.ActiveCfg = Release|Any CPU
		{9850EDC9-C014-488C-BB07-6D28020C8994}.Release|Any CPU.Build.0 = Release|Any CPU
		{9850EDC9-C014-488C-BB07-6D28020C8994}.Release|x64.ActiveCfg = Release|Any CPU
		{9850EDC9-C014-488C-BB07-6D28020C8994}.Release|x64.Build.0 = Release|Any CPU
		{9850EDC9-C014-488C-BB07-6D28020C8994}.Release|x86.ActiveCfg = Release|Any CPU
		{9850EDC9-C014-488C-BB07-6D28020C8994}.Release|x86.Build.0 = Release|Any CPU
		{4DE28FCC-CEAD-4C67-BA35-802B999E1AA3}.Debug|Any CPU.ActiveCfg = Debug|Any CPU
		{4DE28FCC-CEAD-4C67-BA35-802B999E1AA3}.Debug|Any CPU.Build.0 = Debug|Any CPU
		{4DE28FCC-CEAD-4C67-BA35-802B999E1AA3}.Debug|x64.ActiveCfg = Debug|Any CPU
		{4DE28FCC-CEAD-4C67-BA35-802B999E1AA3}.Debug|x64.Build.0 = Debug|Any CPU
		{4DE28FCC-CEAD-4C67-BA35-802B999E1AA3}.Debug|x86.ActiveCfg = Debug|Any CPU
		{4DE28FCC-CEAD-4C67-BA35-802B999E1AA3}.Debug|x86.Build.0 = Debug|Any CPU
		{4DE28FCC-CEAD-4C67-BA35-802B999E1AA3}.Release|Any CPU.ActiveCfg = Release|Any CPU
		{4DE28FCC-CEAD-4C67-BA35-802B999E1AA3}.Release|Any CPU.Build.0 = Release|Any CPU
		{4DE28FCC-CEAD-4C67-BA35-802B999E1AA3}.Release|x64.ActiveCfg = Release|Any CPU
		{4DE28FCC-CEAD-4C67-BA35-802B999E1AA3}.Release|x64.Build.0 = Release|Any CPU
		{4DE28FCC-CEAD-4C67-BA35-802B999E1AA3}.Release|x86.ActiveCfg = Release|Any CPU
		{4DE28FCC-CEAD-4C67-BA35-802B999E1AA3}.Release|x86.Build.0 = Release|Any CPU
		{9FF36107-1254-43EF-A550-7AD16D799A98}.Debug|Any CPU.ActiveCfg = Debug|Any CPU
		{9FF36107-1254-43EF-A550-7AD16D799A98}.Debug|Any CPU.Build.0 = Debug|Any CPU
		{9FF36107-1254-43EF-A550-7AD16D799A98}.Debug|x64.ActiveCfg = Debug|Any CPU
		{9FF36107-1254-43EF-A550-7AD16D799A98}.Debug|x64.Build.0 = Debug|Any CPU
		{9FF36107-1254-43EF-A550-7AD16D799A98}.Debug|x86.ActiveCfg = Debug|Any CPU
		{9FF36107-1254-43EF-A550-7AD16D799A98}.Debug|x86.Build.0 = Debug|Any CPU
		{9FF36107-1254-43EF-A550-7AD16D799A98}.Release|Any CPU.ActiveCfg = Release|Any CPU
		{9FF36107-1254-43EF-A550-7AD16D799A98}.Release|Any CPU.Build.0 = Release|Any CPU
		{9FF36107-1254-43EF-A550-7AD16D799A98}.Release|x64.ActiveCfg = Release|Any CPU
		{9FF36107-1254-43EF-A550-7AD16D799A98}.Release|x64.Build.0 = Release|Any CPU
		{9FF36107-1254-43EF-A550-7AD16D799A98}.Release|x86.ActiveCfg = Release|Any CPU
		{9FF36107-1254-43EF-A550-7AD16D799A98}.Release|x86.Build.0 = Release|Any CPU
		{2D5F4B42-4ABC-4464-94DE-241F6CBC3EA2}.Debug|Any CPU.ActiveCfg = Debug|Any CPU
		{2D5F4B42-4ABC-4464-94DE-241F6CBC3EA2}.Debug|Any CPU.Build.0 = Debug|Any CPU
		{2D5F4B42-4ABC-4464-94DE-241F6CBC3EA2}.Debug|x64.ActiveCfg = Debug|Any CPU
		{2D5F4B42-4ABC-4464-94DE-241F6CBC3EA2}.Debug|x64.Build.0 = Debug|Any CPU
		{2D5F4B42-4ABC-4464-94DE-241F6CBC3EA2}.Debug|x86.ActiveCfg = Debug|Any CPU
		{2D5F4B42-4ABC-4464-94DE-241F6CBC3EA2}.Debug|x86.Build.0 = Debug|Any CPU
		{2D5F4B42-4ABC-4464-94DE-241F6CBC3EA2}.Release|Any CPU.ActiveCfg = Release|Any CPU
		{2D5F4B42-4ABC-4464-94DE-241F6CBC3EA2}.Release|Any CPU.Build.0 = Release|Any CPU
		{2D5F4B42-4ABC-4464-94DE-241F6CBC3EA2}.Release|x64.ActiveCfg = Release|Any CPU
		{2D5F4B42-4ABC-4464-94DE-241F6CBC3EA2}.Release|x64.Build.0 = Release|Any CPU
		{2D5F4B42-4ABC-4464-94DE-241F6CBC3EA2}.Release|x86.ActiveCfg = Release|Any CPU
		{2D5F4B42-4ABC-4464-94DE-241F6CBC3EA2}.Release|x86.Build.0 = Release|Any CPU
		{C8540F41-E7C1-4A74-A845-240659B92E04}.Debug|Any CPU.ActiveCfg = Debug|Any CPU
		{C8540F41-E7C1-4A74-A845-240659B92E04}.Debug|Any CPU.Build.0 = Debug|Any CPU
		{C8540F41-E7C1-4A74-A845-240659B92E04}.Debug|x64.ActiveCfg = Debug|Any CPU
		{C8540F41-E7C1-4A74-A845-240659B92E04}.Debug|x64.Build.0 = Debug|Any CPU
		{C8540F41-E7C1-4A74-A845-240659B92E04}.Debug|x86.ActiveCfg = Debug|Any CPU
		{C8540F41-E7C1-4A74-A845-240659B92E04}.Debug|x86.Build.0 = Debug|Any CPU
		{C8540F41-E7C1-4A74-A845-240659B92E04}.Release|Any CPU.ActiveCfg = Release|Any CPU
		{C8540F41-E7C1-4A74-A845-240659B92E04}.Release|Any CPU.Build.0 = Release|Any CPU
		{C8540F41-E7C1-4A74-A845-240659B92E04}.Release|x64.ActiveCfg = Release|Any CPU
		{C8540F41-E7C1-4A74-A845-240659B92E04}.Release|x64.Build.0 = Release|Any CPU
		{C8540F41-E7C1-4A74-A845-240659B92E04}.Release|x86.ActiveCfg = Release|Any CPU
		{C8540F41-E7C1-4A74-A845-240659B92E04}.Release|x86.Build.0 = Release|Any CPU
		{E0AE9274-7D4C-47FA-A2FD-2BBC57D19DFB}.Debug|Any CPU.ActiveCfg = Debug|Any CPU
		{E0AE9274-7D4C-47FA-A2FD-2BBC57D19DFB}.Debug|Any CPU.Build.0 = Debug|Any CPU
		{E0AE9274-7D4C-47FA-A2FD-2BBC57D19DFB}.Debug|x64.ActiveCfg = Debug|Any CPU
		{E0AE9274-7D4C-47FA-A2FD-2BBC57D19DFB}.Debug|x64.Build.0 = Debug|Any CPU
		{E0AE9274-7D4C-47FA-A2FD-2BBC57D19DFB}.Debug|x86.ActiveCfg = Debug|Any CPU
		{E0AE9274-7D4C-47FA-A2FD-2BBC57D19DFB}.Debug|x86.Build.0 = Debug|Any CPU
		{E0AE9274-7D4C-47FA-A2FD-2BBC57D19DFB}.Release|Any CPU.ActiveCfg = Release|Any CPU
		{E0AE9274-7D4C-47FA-A2FD-2BBC57D19DFB}.Release|Any CPU.Build.0 = Release|Any CPU
		{E0AE9274-7D4C-47FA-A2FD-2BBC57D19DFB}.Release|x64.ActiveCfg = Release|Any CPU
		{E0AE9274-7D4C-47FA-A2FD-2BBC57D19DFB}.Release|x64.Build.0 = Release|Any CPU
		{E0AE9274-7D4C-47FA-A2FD-2BBC57D19DFB}.Release|x86.ActiveCfg = Release|Any CPU
		{E0AE9274-7D4C-47FA-A2FD-2BBC57D19DFB}.Release|x86.Build.0 = Release|Any CPU
		{00C93B4C-1145-4FF3-8126-7C48B220AEEC}.Debug|Any CPU.ActiveCfg = Debug|Any CPU
		{00C93B4C-1145-4FF3-8126-7C48B220AEEC}.Debug|Any CPU.Build.0 = Debug|Any CPU
		{00C93B4C-1145-4FF3-8126-7C48B220AEEC}.Debug|x64.ActiveCfg = Debug|Any CPU
		{00C93B4C-1145-4FF3-8126-7C48B220AEEC}.Debug|x64.Build.0 = Debug|Any CPU
		{00C93B4C-1145-4FF3-8126-7C48B220AEEC}.Debug|x86.ActiveCfg = Debug|Any CPU
		{00C93B4C-1145-4FF3-8126-7C48B220AEEC}.Debug|x86.Build.0 = Debug|Any CPU
		{00C93B4C-1145-4FF3-8126-7C48B220AEEC}.Release|Any CPU.ActiveCfg = Release|Any CPU
		{00C93B4C-1145-4FF3-8126-7C48B220AEEC}.Release|Any CPU.Build.0 = Release|Any CPU
		{00C93B4C-1145-4FF3-8126-7C48B220AEEC}.Release|x64.ActiveCfg = Release|Any CPU
		{00C93B4C-1145-4FF3-8126-7C48B220AEEC}.Release|x64.Build.0 = Release|Any CPU
		{00C93B4C-1145-4FF3-8126-7C48B220AEEC}.Release|x86.ActiveCfg = Release|Any CPU
		{00C93B4C-1145-4FF3-8126-7C48B220AEEC}.Release|x86.Build.0 = Release|Any CPU
		{F5501078-8FDF-414C-AC66-4F470A43EC05}.Debug|Any CPU.ActiveCfg = Debug|Any CPU
		{F5501078-8FDF-414C-AC66-4F470A43EC05}.Debug|Any CPU.Build.0 = Debug|Any CPU
		{F5501078-8FDF-414C-AC66-4F470A43EC05}.Debug|x64.ActiveCfg = Debug|Any CPU
		{F5501078-8FDF-414C-AC66-4F470A43EC05}.Debug|x64.Build.0 = Debug|Any CPU
		{F5501078-8FDF-414C-AC66-4F470A43EC05}.Debug|x86.ActiveCfg = Debug|Any CPU
		{F5501078-8FDF-414C-AC66-4F470A43EC05}.Debug|x86.Build.0 = Debug|Any CPU
		{F5501078-8FDF-414C-AC66-4F470A43EC05}.Release|Any CPU.ActiveCfg = Release|Any CPU
		{F5501078-8FDF-414C-AC66-4F470A43EC05}.Release|Any CPU.Build.0 = Release|Any CPU
		{F5501078-8FDF-414C-AC66-4F470A43EC05}.Release|x64.ActiveCfg = Release|Any CPU
		{F5501078-8FDF-414C-AC66-4F470A43EC05}.Release|x64.Build.0 = Release|Any CPU
		{F5501078-8FDF-414C-AC66-4F470A43EC05}.Release|x86.ActiveCfg = Release|Any CPU
		{F5501078-8FDF-414C-AC66-4F470A43EC05}.Release|x86.Build.0 = Release|Any CPU
		{10D84D9C-705C-4368-9183-A46DF34B4A61}.Debug|Any CPU.ActiveCfg = Debug|Any CPU
		{10D84D9C-705C-4368-9183-A46DF34B4A61}.Debug|Any CPU.Build.0 = Debug|Any CPU
		{10D84D9C-705C-4368-9183-A46DF34B4A61}.Debug|x64.ActiveCfg = Debug|Any CPU
		{10D84D9C-705C-4368-9183-A46DF34B4A61}.Debug|x64.Build.0 = Debug|Any CPU
		{10D84D9C-705C-4368-9183-A46DF34B4A61}.Debug|x86.ActiveCfg = Debug|Any CPU
		{10D84D9C-705C-4368-9183-A46DF34B4A61}.Debug|x86.Build.0 = Debug|Any CPU
		{10D84D9C-705C-4368-9183-A46DF34B4A61}.Release|Any CPU.ActiveCfg = Release|Any CPU
		{10D84D9C-705C-4368-9183-A46DF34B4A61}.Release|Any CPU.Build.0 = Release|Any CPU
		{10D84D9C-705C-4368-9183-A46DF34B4A61}.Release|x64.ActiveCfg = Release|Any CPU
		{10D84D9C-705C-4368-9183-A46DF34B4A61}.Release|x64.Build.0 = Release|Any CPU
		{10D84D9C-705C-4368-9183-A46DF34B4A61}.Release|x86.ActiveCfg = Release|Any CPU
		{10D84D9C-705C-4368-9183-A46DF34B4A61}.Release|x86.Build.0 = Release|Any CPU
		{1BBB390E-2AA2-419C-8FEE-AD0FD05FA9F6}.Debug|Any CPU.ActiveCfg = Debug|Any CPU
		{1BBB390E-2AA2-419C-8FEE-AD0FD05FA9F6}.Debug|Any CPU.Build.0 = Debug|Any CPU
		{1BBB390E-2AA2-419C-8FEE-AD0FD05FA9F6}.Debug|x64.ActiveCfg = Debug|Any CPU
		{1BBB390E-2AA2-419C-8FEE-AD0FD05FA9F6}.Debug|x64.Build.0 = Debug|Any CPU
		{1BBB390E-2AA2-419C-8FEE-AD0FD05FA9F6}.Debug|x86.ActiveCfg = Debug|Any CPU
		{1BBB390E-2AA2-419C-8FEE-AD0FD05FA9F6}.Debug|x86.Build.0 = Debug|Any CPU
		{1BBB390E-2AA2-419C-8FEE-AD0FD05FA9F6}.Release|Any CPU.ActiveCfg = Release|Any CPU
		{1BBB390E-2AA2-419C-8FEE-AD0FD05FA9F6}.Release|Any CPU.Build.0 = Release|Any CPU
		{1BBB390E-2AA2-419C-8FEE-AD0FD05FA9F6}.Release|x64.ActiveCfg = Release|Any CPU
		{1BBB390E-2AA2-419C-8FEE-AD0FD05FA9F6}.Release|x64.Build.0 = Release|Any CPU
		{1BBB390E-2AA2-419C-8FEE-AD0FD05FA9F6}.Release|x86.ActiveCfg = Release|Any CPU
		{1BBB390E-2AA2-419C-8FEE-AD0FD05FA9F6}.Release|x86.Build.0 = Release|Any CPU
		{EE0CB246-1080-4451-AB9F-E2023F52BFD8}.Debug|Any CPU.ActiveCfg = Debug|Any CPU
		{EE0CB246-1080-4451-AB9F-E2023F52BFD8}.Debug|Any CPU.Build.0 = Debug|Any CPU
		{EE0CB246-1080-4451-AB9F-E2023F52BFD8}.Debug|x64.ActiveCfg = Debug|Any CPU
		{EE0CB246-1080-4451-AB9F-E2023F52BFD8}.Debug|x64.Build.0 = Debug|Any CPU
		{EE0CB246-1080-4451-AB9F-E2023F52BFD8}.Debug|x86.ActiveCfg = Debug|Any CPU
		{EE0CB246-1080-4451-AB9F-E2023F52BFD8}.Debug|x86.Build.0 = Debug|Any CPU
		{EE0CB246-1080-4451-AB9F-E2023F52BFD8}.Release|Any CPU.ActiveCfg = Release|Any CPU
		{EE0CB246-1080-4451-AB9F-E2023F52BFD8}.Release|Any CPU.Build.0 = Release|Any CPU
		{EE0CB246-1080-4451-AB9F-E2023F52BFD8}.Release|x64.ActiveCfg = Release|Any CPU
		{EE0CB246-1080-4451-AB9F-E2023F52BFD8}.Release|x64.Build.0 = Release|Any CPU
		{EE0CB246-1080-4451-AB9F-E2023F52BFD8}.Release|x86.ActiveCfg = Release|Any CPU
		{EE0CB246-1080-4451-AB9F-E2023F52BFD8}.Release|x86.Build.0 = Release|Any CPU
		{AED395FC-80E3-4F0B-8C74-20D580E20533}.Debug|Any CPU.ActiveCfg = Debug|Any CPU
		{AED395FC-80E3-4F0B-8C74-20D580E20533}.Debug|Any CPU.Build.0 = Debug|Any CPU
		{AED395FC-80E3-4F0B-8C74-20D580E20533}.Debug|x64.ActiveCfg = Debug|Any CPU
		{AED395FC-80E3-4F0B-8C74-20D580E20533}.Debug|x64.Build.0 = Debug|Any CPU
		{AED395FC-80E3-4F0B-8C74-20D580E20533}.Debug|x86.ActiveCfg = Debug|Any CPU
		{AED395FC-80E3-4F0B-8C74-20D580E20533}.Debug|x86.Build.0 = Debug|Any CPU
		{AED395FC-80E3-4F0B-8C74-20D580E20533}.Release|Any CPU.ActiveCfg = Release|Any CPU
		{AED395FC-80E3-4F0B-8C74-20D580E20533}.Release|Any CPU.Build.0 = Release|Any CPU
		{AED395FC-80E3-4F0B-8C74-20D580E20533}.Release|x64.ActiveCfg = Release|Any CPU
		{AED395FC-80E3-4F0B-8C74-20D580E20533}.Release|x64.Build.0 = Release|Any CPU
		{AED395FC-80E3-4F0B-8C74-20D580E20533}.Release|x86.ActiveCfg = Release|Any CPU
		{AED395FC-80E3-4F0B-8C74-20D580E20533}.Release|x86.Build.0 = Release|Any CPU
		{B5852D60-EF6B-4144-8964-EB5AEB9A6A21}.Debug|Any CPU.ActiveCfg = Debug|Any CPU
		{B5852D60-EF6B-4144-8964-EB5AEB9A6A21}.Debug|Any CPU.Build.0 = Debug|Any CPU
		{B5852D60-EF6B-4144-8964-EB5AEB9A6A21}.Debug|x64.ActiveCfg = Debug|Any CPU
		{B5852D60-EF6B-4144-8964-EB5AEB9A6A21}.Debug|x64.Build.0 = Debug|Any CPU
		{B5852D60-EF6B-4144-8964-EB5AEB9A6A21}.Debug|x86.ActiveCfg = Debug|Any CPU
		{B5852D60-EF6B-4144-8964-EB5AEB9A6A21}.Debug|x86.Build.0 = Debug|Any CPU
		{B5852D60-EF6B-4144-8964-EB5AEB9A6A21}.Release|Any CPU.ActiveCfg = Release|Any CPU
		{B5852D60-EF6B-4144-8964-EB5AEB9A6A21}.Release|Any CPU.Build.0 = Release|Any CPU
		{B5852D60-EF6B-4144-8964-EB5AEB9A6A21}.Release|x64.ActiveCfg = Release|Any CPU
		{B5852D60-EF6B-4144-8964-EB5AEB9A6A21}.Release|x64.Build.0 = Release|Any CPU
		{B5852D60-EF6B-4144-8964-EB5AEB9A6A21}.Release|x86.ActiveCfg = Release|Any CPU
		{B5852D60-EF6B-4144-8964-EB5AEB9A6A21}.Release|x86.Build.0 = Release|Any CPU
		{B81D9FAB-D8A2-4405-82E0-CA027286DC67}.Debug|Any CPU.ActiveCfg = Debug|Any CPU
		{B81D9FAB-D8A2-4405-82E0-CA027286DC67}.Debug|Any CPU.Build.0 = Debug|Any CPU
		{B81D9FAB-D8A2-4405-82E0-CA027286DC67}.Debug|x64.ActiveCfg = Debug|Any CPU
		{B81D9FAB-D8A2-4405-82E0-CA027286DC67}.Debug|x64.Build.0 = Debug|Any CPU
		{B81D9FAB-D8A2-4405-82E0-CA027286DC67}.Debug|x86.ActiveCfg = Debug|Any CPU
		{B81D9FAB-D8A2-4405-82E0-CA027286DC67}.Debug|x86.Build.0 = Debug|Any CPU
		{B81D9FAB-D8A2-4405-82E0-CA027286DC67}.Release|Any CPU.ActiveCfg = Release|Any CPU
		{B81D9FAB-D8A2-4405-82E0-CA027286DC67}.Release|Any CPU.Build.0 = Release|Any CPU
		{B81D9FAB-D8A2-4405-82E0-CA027286DC67}.Release|x64.ActiveCfg = Release|Any CPU
		{B81D9FAB-D8A2-4405-82E0-CA027286DC67}.Release|x64.Build.0 = Release|Any CPU
		{B81D9FAB-D8A2-4405-82E0-CA027286DC67}.Release|x86.ActiveCfg = Release|Any CPU
		{B81D9FAB-D8A2-4405-82E0-CA027286DC67}.Release|x86.Build.0 = Release|Any CPU
		{364910BA-20DC-4D65-91AF-ADBDB8C4A981}.Debug|Any CPU.ActiveCfg = Debug|Any CPU
		{364910BA-20DC-4D65-91AF-ADBDB8C4A981}.Debug|Any CPU.Build.0 = Debug|Any CPU
		{364910BA-20DC-4D65-91AF-ADBDB8C4A981}.Debug|x64.ActiveCfg = Debug|Any CPU
		{364910BA-20DC-4D65-91AF-ADBDB8C4A981}.Debug|x64.Build.0 = Debug|Any CPU
		{364910BA-20DC-4D65-91AF-ADBDB8C4A981}.Debug|x86.ActiveCfg = Debug|Any CPU
		{364910BA-20DC-4D65-91AF-ADBDB8C4A981}.Debug|x86.Build.0 = Debug|Any CPU
		{364910BA-20DC-4D65-91AF-ADBDB8C4A981}.Release|Any CPU.ActiveCfg = Release|Any CPU
		{364910BA-20DC-4D65-91AF-ADBDB8C4A981}.Release|Any CPU.Build.0 = Release|Any CPU
		{364910BA-20DC-4D65-91AF-ADBDB8C4A981}.Release|x64.ActiveCfg = Release|Any CPU
		{364910BA-20DC-4D65-91AF-ADBDB8C4A981}.Release|x64.Build.0 = Release|Any CPU
		{364910BA-20DC-4D65-91AF-ADBDB8C4A981}.Release|x86.ActiveCfg = Release|Any CPU
		{364910BA-20DC-4D65-91AF-ADBDB8C4A981}.Release|x86.Build.0 = Release|Any CPU
		{811F7790-F467-439E-9AB0-7D75B86F3B08}.Debug|Any CPU.ActiveCfg = Debug|Any CPU
		{811F7790-F467-439E-9AB0-7D75B86F3B08}.Debug|Any CPU.Build.0 = Debug|Any CPU
		{811F7790-F467-439E-9AB0-7D75B86F3B08}.Debug|x64.ActiveCfg = Debug|Any CPU
		{811F7790-F467-439E-9AB0-7D75B86F3B08}.Debug|x64.Build.0 = Debug|Any CPU
		{811F7790-F467-439E-9AB0-7D75B86F3B08}.Debug|x86.ActiveCfg = Debug|Any CPU
		{811F7790-F467-439E-9AB0-7D75B86F3B08}.Debug|x86.Build.0 = Debug|Any CPU
		{811F7790-F467-439E-9AB0-7D75B86F3B08}.Release|Any CPU.ActiveCfg = Release|Any CPU
		{811F7790-F467-439E-9AB0-7D75B86F3B08}.Release|Any CPU.Build.0 = Release|Any CPU
		{811F7790-F467-439E-9AB0-7D75B86F3B08}.Release|x64.ActiveCfg = Release|Any CPU
		{811F7790-F467-439E-9AB0-7D75B86F3B08}.Release|x64.Build.0 = Release|Any CPU
		{811F7790-F467-439E-9AB0-7D75B86F3B08}.Release|x86.ActiveCfg = Release|Any CPU
		{811F7790-F467-439E-9AB0-7D75B86F3B08}.Release|x86.Build.0 = Release|Any CPU
	EndGlobalSection
	GlobalSection(SolutionProperties) = preSolution
		HideSolutionNode = FALSE
	EndGlobalSection
	GlobalSection(NestedProjects) = preSolution
		{0F8B6267-3A5F-448E-A91F-0CF0E0714FD4} = {827E0CD3-B72D-47B6-A68D-7590B98EB39B}
		{9850EDC9-C014-488C-BB07-6D28020C8994} = {0AB3BF05-4346-4AA6-1389-037BE0695223}
		{4DE28FCC-CEAD-4C67-BA35-802B999E1AA3} = {827E0CD3-B72D-47B6-A68D-7590B98EB39B}
		{9FF36107-1254-43EF-A550-7AD16D799A98} = {0AB3BF05-4346-4AA6-1389-037BE0695223}
		{2D5F4B42-4ABC-4464-94DE-241F6CBC3EA2} = {827E0CD3-B72D-47B6-A68D-7590B98EB39B}
		{C8540F41-E7C1-4A74-A845-240659B92E04} = {0AB3BF05-4346-4AA6-1389-037BE0695223}
		{E0AE9274-7D4C-47FA-A2FD-2BBC57D19DFB} = {827E0CD3-B72D-47B6-A68D-7590B98EB39B}
		{00C93B4C-1145-4FF3-8126-7C48B220AEEC} = {0AB3BF05-4346-4AA6-1389-037BE0695223}
		{F5501078-8FDF-414C-AC66-4F470A43EC05} = {0AB3BF05-4346-4AA6-1389-037BE0695223}
		{10D84D9C-705C-4368-9183-A46DF34B4A61} = {827E0CD3-B72D-47B6-A68D-7590B98EB39B}
		{1BBB390E-2AA2-419C-8FEE-AD0FD05FA9F6} = {0AB3BF05-4346-4AA6-1389-037BE0695223}
		{82FF9852-D456-48A4-F82C-8B6EE58700A6} = {827E0CD3-B72D-47B6-A68D-7590B98EB39B}
		{05F6B5DF-6232-08A3-4F37-3DFAA1AF3FCE} = {82FF9852-D456-48A4-F82C-8B6EE58700A6}
		{EE0CB246-1080-4451-AB9F-E2023F52BFD8} = {05F6B5DF-6232-08A3-4F37-3DFAA1AF3FCE}
		{AED395FC-80E3-4F0B-8C74-20D580E20533} = {05F6B5DF-6232-08A3-4F37-3DFAA1AF3FCE}
		{FF30EEA2-560D-A1E0-2527-7DEEE9643BAD} = {82FF9852-D456-48A4-F82C-8B6EE58700A6}
		{B5852D60-EF6B-4144-8964-EB5AEB9A6A21} = {FF30EEA2-560D-A1E0-2527-7DEEE9643BAD}
		{B81D9FAB-D8A2-4405-82E0-CA027286DC67} = {0AB3BF05-4346-4AA6-1389-037BE0695223}
		{335A53F8-FEC2-3C74-0F00-6022ED2AD97E} = {82FF9852-D456-48A4-F82C-8B6EE58700A6}
		{364910BA-20DC-4D65-91AF-ADBDB8C4A981} = {335A53F8-FEC2-3C74-0F00-6022ED2AD97E}
		{811F7790-F467-439E-9AB0-7D75B86F3B08} = {335A53F8-FEC2-3C74-0F00-6022ED2AD97E}
	EndGlobalSection
EndGlobal
