
Microsoft Visual Studio Solution File, Format Version 12.00
# Visual Studio Version 17
VisualStudioVersion = 17.0.31903.59
MinimumVisualStudioVersion = 10.0.40219.1
Project("{2150E333-8FDC-42A3-9474-1A3956D46DE8}") = "src", "src", "{827E0CD3-B72D-47B6-A68D-7590B98EB39B}"
EndProject
Project("{FAE04EC0-301F-11D3-BF4B-00C04F79EFBC}") = "Maran.Host", "src\Maran.Host\Maran.Host.csproj", "{0F8B6267-3A5F-448E-A91F-0CF0E0714FD4}"
EndProject
Project("{2150E333-8FDC-42A3-9474-1A3956D46DE8}") = "tests", "tests", "{0AB3BF05-4346-4AA6-1389-037BE0695223}"
EndProject
Project("{FAE04EC0-301F-11D3-BF4B-00C04F79EFBC}") = "Maran.Host.Tests", "tests\Maran.Host.Tests\Maran.Host.Tests.csproj", "{9850EDC9-C014-488C-BB07-6D28020C8994}"
EndProject
Project("{FAE04EC0-301F-11D3-BF4B-00C04F79EFBC}") = "Maran.SharedKernel", "src\Maran.SharedKernel\Maran.SharedKernel.csproj", "{4DE28FCC-CEAD-4C67-BA35-802B999E1AA3}"
EndProject
Project("{FAE04EC0-301F-11D3-BF4B-00C04F79EFBC}") = "Maran.SharedKernel.Tests", "tests\Maran.SharedKernel.Tests\Maran.SharedKernel.Tests.csproj", "{9FF36107-1254-43EF-A550-7AD16D799A98}"
EndProject
Project("{FAE04EC0-301F-11D3-BF4B-00C04F79EFBC}") = "Maran.Agent.Client", "src\Maran.Agent.Client\Maran.Agent.Client.csproj", "{2D5F4B42-4ABC-4464-94DE-241F6CBC3EA2}"
EndProject
Project("{FAE04EC0-301F-11D3-BF4B-00C04F79EFBC}") = "Maran.Agent.Client.Tests", "tests\Maran.Agent.Client.Tests\Maran.Agent.Client.Tests.csproj", "{C8540F41-E7C1-4A74-A845-240659B92E04}"
EndProject
Project("{FAE04EC0-301F-11D3-BF4B-00C04F79EFBC}") = "Maran.Sdk", "src\Maran.Sdk\Maran.Sdk.csproj", "{E0AE9274-7D4C-47FA-A2FD-2BBC57D19DFB}"
EndProject
Project("{FAE04EC0-301F-11D3-BF4B-00C04F79EFBC}") = "Maran.ArchitectureTests", "tests\Maran.ArchitectureTests\Maran.ArchitectureTests.csproj", "{00C93B4C-1145-4FF3-8126-7C48B220AEEC}"
EndProject
Project("{FAE04EC0-301F-11D3-BF4B-00C04F79EFBC}") = "Maran.Host.IntegrationTests", "tests\Maran.Host.IntegrationTests\Maran.Host.IntegrationTests.csproj", "{F5501078-8FDF-414C-AC66-4F470A43EC05}"
EndProject
Project("{2150E333-8FDC-42A3-9474-1A3956D46DE8}") = "Solution Items", "Solution Items", "{9263E74A-B2E6-454A-B965-6C2A0F00C99E}"
	ProjectSection(SolutionItems) = preProject
		.editorconfig = .editorconfig
		Directory.Build.props = Directory.Build.props
		Directory.Packages.props = Directory.Packages.props
		nuget.config = nuget.config
	EndProjectSection
EndProject
Project("{FAE04EC0-301F-11D3-BF4B-00C04F79EFBC}") = "Maran.Modules.Accounts", "src\Maran.Modules\Accounts\Maran.Modules.Accounts.csproj", "{10D84D9C-705C-4368-9183-A46DF34B4A61}"
EndProject
Project("{FAE04EC0-301F-11D3-BF4B-00C04F79EFBC}") = "Maran.Modules.Accounts.Tests", "tests\Maran.Modules.Accounts.Tests\Maran.Modules.Accounts.Tests.csproj", "{1BBB390E-2AA2-419C-8FEE-AD0FD05FA9F6}"
EndProject
Project("{2150E333-8FDC-42A3-9474-1A3956D46DE8}") = "Maran.Modules", "Maran.Modules", "{82FF9852-D456-48A4-F82C-8B6EE58700A6}"
EndProject
Project("{2150E333-8FDC-42A3-9474-1A3956D46DE8}") = "Identity", "Identity", "{05F6B5DF-6232-08A3-4F37-3DFAA1AF3FCE}"
EndProject
Project("{FAE04EC0-301F-11D3-BF4B-00C04F79EFBC}") = "Maran.Modules.Identity", "src\Maran.Modules\Identity\Maran.Modules.Identity.csproj", "{EE0CB246-1080-4451-AB9F-E2023F52BFD8}"
EndProject
Project("{FAE04EC0-301F-11D3-BF4B-00C04F79EFBC}") = "Maran.Modules.Identity.Tests", "tests\Maran.Modules.Identity.Tests\Maran.Modules.Identity.Tests.csproj", "{AED395FC-80E3-4F0B-8C74-20D580E20533}"
EndProject
Project("{2150E333-8FDC-42A3-9474-1A3956D46DE8}") = "Sites", "Sites", "{FF30EEA2-560D-A1E0-2527-7DEEE9643BAD}"
EndProject
Project("{FAE04EC0-301F-11D3-BF4B-00C04F79EFBC}") = "Maran.Modules.Sites", "src\Maran.Modules\Sites\Maran.Modules.Sites.csproj", "{B5852D60-EF6B-4144-8964-EB5AEB9A6A21}"
EndProject
Project("{FAE04EC0-301F-11D3-BF4B-00C04F79EFBC}") = "Maran.Modules.Sites.Tests", "tests\Maran.Modules.Sites.Tests\Maran.Modules.Sites.Tests.csproj", "{B81D9FAB-D8A2-4405-82E0-CA027286DC67}"
EndProject
Project("{2150E333-8FDC-42A3-9474-1A3956D46DE8}") = "Ssl", "Ssl", "{335A53F8-FEC2-3C74-0F00-6022ED2AD97E}"
EndProject
Project("{FAE04EC0-301F-11D3-BF4B-00C04F79EFBC}") = "Maran.Modules.Ssl", "src\Maran.Modules\Ssl\Maran.Modules.Ssl.csproj", "{364910BA-20DC-4D65-91AF-ADBDB8C4A981}"
EndProject
Project("{FAE04EC0-301F-11D3-BF4B-00C04F79EFBC}") = "Maran.Modules.Ssl.Tests", "tests\Maran.Modules.Ssl.Tests\Maran.Modules.Ssl.Tests.csproj", "{811F7790-F467-439E-9AB0-7D75B86F3B08}"
EndProject
Project("{2150E333-8FDC-42A3-9474-1A3956D46DE8}") = "Databases", "Databases", "{060EBAAE-3630-228F-F7A2-8D58834FF1F7}"
EndProject
Project("{FAE04EC0-301F-11D3-BF4B-00C04F79EFBC}") = "Maran.Modules.Databases", "src\Maran.Modules\Databases\Maran.Modules.Databases.csproj", "{6903B524-CCD5-437F-B414-76CAD577D987}"
EndProject
Project("{FAE04EC0-301F-11D3-BF4B-00C04F79EFBC}") = "Maran.Modules.Databases.Tests", "tests\Maran.Modules.Databases.Tests\Maran.Modules.Databases.Tests.csproj", "{A2DEEAF5-F6B4-4727-A322-129ACCCF0FE7}"
EndProject
Project("{2150E333-8FDC-42A3-9474-1A3956D46DE8}") = "Sftp", "Sftp", "{E467BFE3-0554-42DF-988C-BBB7F73782D1}"
EndProject
Project("{FAE04EC0-301F-11D3-BF4B-00C04F79EFBC}") = "Maran.Modules.Sftp", "src\Maran.Modules\Sftp\Maran.Modules.Sftp.csproj", "{7F1A9F5E-9219-4E60-8D7A-1BF814799E0A}"
EndProject
Project("{FAE04EC0-301F-11D3-BF4B-00C04F79EFBC}") = "Maran.Modules.Sftp.Tests", "tests\Maran.Modules.Sftp.Tests\Maran.Modules.Sftp.Tests.csproj", "{B777A71C-BC9E-4F02-B8C7-F8FBAB871E1A}"
EndProject
Project("{2150E333-8FDC-42A3-9474-1A3956D46DE8}") = "Tasks", "Tasks", "{684ED747-5B53-A130-F4D6-85F77239B5B1}"
EndProject
Project("{FAE04EC0-301F-11D3-BF4B-00C04F79EFBC}") = "Maran.Modules.Tasks", "src\Maran.Modules\Tasks\Maran.Modules.Tasks.csproj", "{A5C27419-1D6D-4AB0-9D3A-1CCB1906C45B}"
EndProject
Project("{FAE04EC0-301F-11D3-BF4B-00C04F79EFBC}") = "Maran.Modules.Tasks.Tests", "tests\Maran.Modules.Tasks.Tests\Maran.Modules.Tasks.Tests.csproj", "{C5CCF63F-4EAA-443A-B21F-57457B4D7675}"
EndProject
Project("{2150E333-8FDC-42A3-9474-1A3956D46DE8}") = "Firewall", "Firewall", "{AE3C9D7A-9DBD-2FAD-D1C4-109C1A8F7C39}"
EndProject
Project("{FAE04EC0-301F-11D3-BF4B-00C04F79EFBC}") = "Maran.Modules.Firewall", "src\Maran.Modules\Firewall\Maran.Modules.Firewall.csproj", "{7355CEE4-337A-4749-B405-7448A89B9DDD}"
EndProject
Project("{2150E333-8FDC-42A3-9474-1A3956D46DE8}") = "Cron", "Cron", "{156E42AA-E6AE-D362-39C9-EC7D7B199C64}"
EndProject
Project("{FAE04EC0-301F-11D3-BF4B-00C04F79EFBC}") = "Maran.Modules.Cron", "src\Maran.Modules\Cron\Maran.Modules.Cron.csproj", "{D17E7C9A-8BE0-4C73-8FF3-B5E0508A09C9}"
EndProject
Project("{FAE04EC0-301F-11D3-BF4B-00C04F79EFBC}") = "Maran.Modules.Cron.Tests", "tests\Maran.Modules.Cron.Tests\Maran.Modules.Cron.Tests.csproj", "{37681E8C-BA4C-4A60-98DA-24964954B3C3}"
EndProject
Project("{FAE04EC0-301F-11D3-BF4B-00C04F79EFBC}") = "Maran.Modules.Firewall.Tests", "tests\Maran.Modules.Firewall.Tests\Maran.Modules.Firewall.Tests.csproj", "{15902A02-2805-41DB-A321-802BB032F37C}"
EndProject
Project("{2150E333-8FDC-42A3-9474-1A3956D46DE8}") = "Monitoring", "Monitoring", "{8D580FFA-13BD-8D44-208E-9442CAE07238}"
EndProject
Project("{FAE04EC0-301F-11D3-BF4B-00C04F79EFBC}") = "Maran.Modules.Monitoring", "src\Maran.Modules\Monitoring\Maran.Modules.Monitoring.csproj", "{94BC6D7B-7251-4674-84FD-294F0C94A56C}"
EndProject
Project("{FAE04EC0-301F-11D3-BF4B-00C04F79EFBC}") = "Maran.Modules.Monitoring.Tests", "tests\Maran.Modules.Monitoring.Tests\Maran.Modules.Monitoring.Tests.csproj", "{71302D46-294F-4334-AD3B-A9A620C0795A}"
EndProject
Project("{2150E333-8FDC-42A3-9474-1A3956D46DE8}") = "Notifications", "Notifications", "{A1B2C3D4-0001-4000-8000-000000000001}"
EndProject
Project("{FAE04EC0-301F-11D3-BF4B-00C04F79EFBC}") = "Maran.Modules.Notifications", "src\Maran.Modules\Notifications\Maran.Modules.Notifications.csproj", "{A1B2C3D4-0002-4000-8000-000000000002}"
EndProject
Project("{FAE04EC0-301F-11D3-BF4B-00C04F79EFBC}") = "Maran.Modules.Notifications.Tests", "tests\Maran.Modules.Notifications.Tests\Maran.Modules.Notifications.Tests.csproj", "{A1B2C3D4-0003-4000-8000-000000000003}"
EndProject
Project("{FAE04EC0-301F-11D3-BF4B-00C04F79EFBC}") = "Maran.Sdk.Tests", "tests\Maran.Sdk.Tests\Maran.Sdk.Tests.csproj", "{C9B7D0A4-325A-4BB0-9D4D-92A6011FC7CE}"
EndProject
Global
	GlobalSection(SolutionConfigurationPlatforms) = preSolution
		Debug|Any CPU = Debug|Any CPU
		Debug|x64 = Debug|x64
		Debug|x86 = Debug|x86
		Release|Any CPU = Release|Any CPU
		Release|x64 = Release|x64
		Release|x86 = Release|x86
	EndGlobalSection
	GlobalSection(ProjectConfigurationPlatforms) = postSolution
		{0F8B6267-3A5F-448E-A91F-0CF0E0714FD4}.Debug|Any CPU.ActiveCfg = Debug|Any CPU
		{0F8B6267-3A5F-448E-A91F-0CF0E0714FD4}.Debug|Any CPU.Build.0 = Debug|Any CPU
		{0F8B6267-3A5F-448E-A91F-0CF0E0714FD4}.Debug|x64.ActiveCfg = Debug|Any CPU
		{0F8B6267-3A5F-448E-A91F-0CF0E0714FD4}.Debug|x64.Build.0 = Debug|Any CPU
		{0F8B6267-3A5F-448E-A91F-0CF0E0714FD4}.Debug|x86.ActiveCfg = Debug|Any CPU
		{0F8B6267-3A5F-448E-A91F-0CF0E0714FD4}.Debug|x86.Build.0 = Debug|Any CPU
		{0F8B6267-3A5F-448E-A91F-0CF0E0714FD4}.Release|Any CPU.ActiveCfg = Release|Any CPU
		{0F8B6267-3A5F-448E-A91F-0CF0E0714FD4}.Release|Any CPU.Build.0 = Release|Any CPU
		{0F8B6267-3A5F-448E-A91F-0CF0E0714FD4}.Release|x64.ActiveCfg = Release|Any CPU
		{0F8B6267-3A5F-448E-A91F-0CF0E0714FD4}.Release|x64.Build.0 = Release|Any CPU
		{0F8B6267-3A5F-448E-A91F-0CF0E0714FD4}.Release|x86.ActiveCfg = Release|Any CPU
		{0F8B6267-3A5F-448E-A91F-0CF0E0714FD4}.Release|x86.Build.0 = Release|Any CPU
		{9850EDC9-C014-488C-BB07-6D28020C8994}.Debug|Any CPU.ActiveCfg = Debug|Any CPU
		{9850EDC9-C014-488C-BB07-6D28020C8994}.Debug|Any CPU.Build.0 = Debug|Any CPU
		{9850EDC9-C014-488C-BB07-6D28020C8994}.Debug|x64.ActiveCfg = Debug|Any CPU
		{9850EDC9-C014-488C-BB07-6D28020C8994}.Debug|x64.Build.0 = Debug|Any CPU
		{9850EDC9-C014-488C-BB07-6D28020C8994}.Debug|x86.ActiveCfg = Debug|Any CPU
		{9850EDC9-C014-488C-BB07-6D28020C8994}.Debug|x86.Build.0 = Debug|Any CPU
		{9850EDC9-C014-488C-BB07-6D28020C8994}.Release|Any CPU.ActiveCfg = Release|Any CPU
		{9850EDC9-C014-488C-BB07-6D28020C8994}.Release|Any CPU.Build.0 = Release|Any CPU
		{9850EDC9-C014-488C-BB07-6D28020C8994}.Release|x64.ActiveCfg = Release|Any CPU
		{9850EDC9-C014-488C-BB07-6D28020C8994}.Release|x64.Build.0 = Release|Any CPU
		{9850EDC9-C014-488C-BB07-6D28020C8994}.Release|x86.ActiveCfg = Release|Any CPU
		{9850EDC9-C014-488C-BB07-6D28020C8994}.Release|x86.Build.0 = Release|Any CPU
		{4DE28FCC-CEAD-4C67-BA35-802B999E1AA3}.Debug|Any CPU.ActiveCfg = Debug|Any CPU
		{4DE28FCC-CEAD-4C67-BA35-802B999E1AA3}.Debug|Any CPU.Build.0 = Debug|Any CPU
		{4DE28FCC-CEAD-4C67-BA35-802B999E1AA3}.Debug|x64.ActiveCfg = Debug|Any CPU
		{4DE28FCC-CEAD-4C67-BA35-802B999E1AA3}.Debug|x64.Build.0 = Debug|Any CPU
		{4DE28FCC-CEAD-4C67-BA35-802B999E1AA3}.Debug|x86.ActiveCfg = Debug|Any CPU
		{4DE28FCC-CEAD-4C67-BA35-802B999E1AA3}.Debug|x86.Build.0 = Debug|Any CPU
		{4DE28FCC-CEAD-4C67-BA35-802B999E1AA3}.Release|Any CPU.ActiveCfg = Release|Any CPU
		{4DE28FCC-CEAD-4C67-BA35-802B999E1AA3}.Release|Any CPU.Build.0 = Release|Any CPU
		{4DE28FCC-CEAD-4C67-BA35-802B999E1AA3}.Release|x64.ActiveCfg = Release|Any CPU
		{4DE28FCC-CEAD-4C67-BA35-802B999E1AA3}.Release|x64.Build.0 = Release|Any CPU
		{4DE28FCC-CEAD-4C67-BA35-802B999E1AA3}.Release|x86.ActiveCfg = Release|Any CPU
		{4DE28FCC-CEAD-4C67-BA35-802B999E1AA3}.Release|x86.Build.0 = Release|Any CPU
		{9FF36107-1254-43EF-A550-7AD16D799A98}.Debug|Any CPU.ActiveCfg = Debug|Any CPU
		{9FF36107-1254-43EF-A550-7AD16D799A98}.Debug|Any CPU.Build.0 = Debug|Any CPU
		{9FF36107-1254-43EF-A550-7AD16D799A98}.Debug|x64.ActiveCfg = Debug|Any CPU
		{9FF36107-1254-43EF-A550-7AD16D799A98}.Debug|x64.Build.0 = Debug|Any CPU
		{9FF36107-1254-43EF-A550-7AD16D799A98}.Debug|x86.ActiveCfg = Debug|Any CPU
		{9FF36107-1254-43EF-A550-7AD16D799A98}.Debug|x86.Build.0 = Debug|Any CPU
		{9FF36107-1254-43EF-A550-7AD16D799A98}.Release|Any CPU.ActiveCfg = Release|Any CPU
		{9FF36107-1254-43EF-A550-7AD16D799A98}.Release|Any CPU.Build.0 = Release|Any CPU
		{9FF36107-1254-43EF-A550-7AD16D799A98}.Release|x64.ActiveCfg = Release|Any CPU
		{9FF36107-1254-43EF-A550-7AD16D799A98}.Release|x64.Build.0 = Release|Any CPU
		{9FF36107-1254-43EF-A550-7AD16D799A98}.Release|x86.ActiveCfg = Release|Any CPU
		{9FF36107-1254-43EF-A550-7AD16D799A98}.Release|x86.Build.0 = Release|Any CPU
		{2D5F4B42-4ABC-4464-94DE-241F6CBC3EA2}.Debug|Any CPU.ActiveCfg = Debug|Any CPU
		{2D5F4B42-4ABC-4464-94DE-241F6CBC3EA2}.Debug|Any CPU.Build.0 = Debug|Any CPU
		{2D5F4B42-4ABC-4464-94DE-241F6CBC3EA2}.Debug|x64.ActiveCfg = Debug|Any CPU
		{2D5F4B42-4ABC-4464-94DE-241F6CBC3EA2}.Debug|x64.Build.0 = Debug|Any CPU
		{2D5F4B42-4ABC-4464-94DE-241F6CBC3EA2}.Debug|x86.ActiveCfg = Debug|Any CPU
		{2D5F4B42-4ABC-4464-94DE-241F6CBC3EA2}.Debug|x86.Build.0 = Debug|Any CPU
		{2D5F4B42-4ABC-4464-94DE-241F6CBC3EA2}.Release|Any CPU.ActiveCfg = Release|Any CPU
		{2D5F4B42-4ABC-4464-94DE-241F6CBC3EA2}.Release|Any CPU.Build.0 = Release|Any CPU
		{2D5F4B42-4ABC-4464-94DE-241F6CBC3EA2}.Release|x64.ActiveCfg = Release|Any CPU
		{2D5F4B42-4ABC-4464-94DE-241F6CBC3EA2}.Release|x64.Build.0 = Release|Any CPU
		{2D5F4B42-4ABC-4464-94DE-241F6CBC3EA2}.Release|x86.ActiveCfg = Release|Any CPU
		{2D5F4B42-4ABC-4464-94DE-241F6CBC3EA2}.Release|x86.Build.0 = Release|Any CPU
		{C8540F41-E7C1-4A74-A845-240659B92E04}.Debug|Any CPU.ActiveCfg = Debug|Any CPU
		{C8540F41-E7C1-4A74-A845-240659B92E04}.Debug|Any CPU.Build.0 = Debug|Any CPU
		{C8540F41-E7C1-4A74-A845-240659B92E04}.Debug|x64.ActiveCfg = Debug|Any CPU
		{C8540F41-E7C1-4A74-A845-240659B92E04}.Debug|x64.Build.0 = Debug|Any CPU
		{C8540F41-E7C1-4A74-A845-240659B92E04}.Debug|x86.ActiveCfg = Debug|Any CPU
		{C8540F41-E7C1-4A74-A845-240659B92E04}.Debug|x86.Build.0 = Debug|Any CPU
		{C8540F41-E7C1-4A74-A845-240659B92E04}.Release|Any CPU.ActiveCfg = Release|Any CPU
		{C8540F41-E7C1-4A74-A845-240659B92E04}.Release|Any CPU.Build.0 = Release|Any CPU
		{C8540F41-E7C1-4A74-A845-240659B92E04}.Release|x64.ActiveCfg = Release|Any CPU
		{C8540F41-E7C1-4A74-A845-240659B92E04}.Release|x64.Build.0 = Release|Any CPU
		{C8540F41-E7C1-4A74-A845-240659B92E04}.Release|x86.ActiveCfg = Release|Any CPU
		{C8540F41-E7C1-4A74-A845-240659B92E04}.Release|x86.Build.0 = Release|Any CPU
		{E0AE9274-7D4C-47FA-A2FD-2BBC57D19DFB}.Debug|Any CPU.ActiveCfg = Debug|Any CPU
		{E0AE9274-7D4C-47FA-A2FD-2BBC57D19DFB}.Debug|Any CPU.Build.0 = Debug|Any CPU
		{E0AE9274-7D4C-47FA-A2FD-2BBC57D19DFB}.Debug|x64.ActiveCfg = Debug|Any CPU
		{E0AE9274-7D4C-47FA-A2FD-2BBC57D19DFB}.Debug|x64.Build.0 = Debug|Any CPU
		{E0AE9274-7D4C-47FA-A2FD-2BBC57D19DFB}.Debug|x86.ActiveCfg = Debug|Any CPU
		{E0AE9274-7D4C-47FA-A2FD-2BBC57D19DFB}.Debug|x86.Build.0 = Debug|Any CPU
		{E0AE9274-7D4C-47FA-A2FD-2BBC57D19DFB}.Release|Any CPU.ActiveCfg = Release|Any CPU
		{E0AE9274-7D4C-47FA-A2FD-2BBC57D19DFB}.Release|Any CPU.Build.0 = Release|Any CPU
		{E0AE9274-7D4C-47FA-A2FD-2BBC57D19DFB}.Release|x64.ActiveCfg = Release|Any CPU
		{E0AE9274-7D4C-47FA-A2FD-2BBC57D19DFB}.Release|x64.Build.0 = Release|Any CPU
		{E0AE9274-7D4C-47FA-A2FD-2BBC57D19DFB}.Release|x86.ActiveCfg = Release|Any CPU
		{E0AE9274-7D4C-47FA-A2FD-2BBC57D19DFB}.Release|x86.Build.0 = Release|Any CPU
		{00C93B4C-1145-4FF3-8126-7C48B220AEEC}.Debug|Any CPU.ActiveCfg = Debug|Any CPU
		{00C93B4C-1145-4FF3-8126-7C48B220AEEC}.Debug|Any CPU.Build.0 = Debug|Any CPU
		{00C93B4C-1145-4FF3-8126-7C48B220AEEC}.Debug|x64.ActiveCfg = Debug|Any CPU
		{00C93B4C-1145-4FF3-8126-7C48B220AEEC}.Debug|x64.Build.0 = Debug|Any CPU
		{00C93B4C-1145-4FF3-8126-7C48B220AEEC}.Debug|x86.ActiveCfg = Debug|Any CPU
		{00C93B4C-1145-4FF3-8126-7C48B220AEEC}.Debug|x86.Build.0 = Debug|Any CPU
		{00C93B4C-1145-4FF3-8126-7C48B220AEEC}.Release|Any CPU.ActiveCfg = Release|Any CPU
		{00C93B4C-1145-4FF3-8126-7C48B220AEEC}.Release|Any CPU.Build.0 = Release|Any CPU
		{00C93B4C-1145-4FF3-8126-7C48B220AEEC}.Release|x64.ActiveCfg = Release|Any CPU
		{00C93B4C-1145-4FF3-8126-7C48B220AEEC}.Release|x64.Build.0 = Release|Any CPU
		{00C93B4C-1145-4FF3-8126-7C48B220AEEC}.Release|x86.ActiveCfg = Release|Any CPU
		{00C93B4C-1145-4FF3-8126-7C48B220AEEC}.Release|x86.Build.0 = Release|Any CPU
		{F5501078-8FDF-414C-AC66-4F470A43EC05}.Debug|Any CPU.ActiveCfg = Debug|Any CPU
		{F5501078-8FDF-414C-AC66-4F470A43EC05}.Debug|Any CPU.Build.0 = Debug|Any CPU
		{F5501078-8FDF-414C-AC66-4F470A43EC05}.Debug|x64.ActiveCfg = Debug|Any CPU
		{F5501078-8FDF-414C-AC66-4F470A43EC05}.Debug|x64.Build.0 = Debug|Any CPU
		{F5501078-8FDF-414C-AC66-4F470A43EC05}.Debug|x86.ActiveCfg = Debug|Any CPU
		{F5501078-8FDF-414C-AC66-4F470A43EC05}.Debug|x86.Build.0 = Debug|Any CPU
		{F5501078-8FDF-414C-AC66-4F470A43EC05}.Release|Any CPU.ActiveCfg = Release|Any CPU
		{F5501078-8FDF-414C-AC66-4F470A43EC05}.Release|Any CPU.Build.0 = Release|Any CPU
		{F5501078-8FDF-414C-AC66-4F470A43EC05}.Release|x64.ActiveCfg = Release|Any CPU
		{F5501078-8FDF-414C-AC66-4F470A43EC05}.Release|x64.Build.0 = Release|Any CPU
		{F5501078-8FDF-414C-AC66-4F470A43EC05}.Release|x86.ActiveCfg = Release|Any CPU
		{F5501078-8FDF-414C-AC66-4F470A43EC05}.Release|x86.Build.0 = Release|Any CPU
		{10D84D9C-705C-4368-9183-A46DF34B4A61}.Debug|Any CPU.ActiveCfg = Debug|Any CPU
		{10D84D9C-705C-4368-9183-A46DF34B4A61}.Debug|Any CPU.Build.0 = Debug|Any CPU
		{10D84D9C-705C-4368-9183-A46DF34B4A61}.Debug|x64.ActiveCfg = Debug|Any CPU
		{10D84D9C-705C-4368-9183-A46DF34B4A61}.Debug|x64.Build.0 = Debug|Any CPU
		{10D84D9C-705C-4368-9183-A46DF34B4A61}.Debug|x86.ActiveCfg = Debug|Any CPU
		{10D84D9C-705C-4368-9183-A46DF34B4A61}.Debug|x86.Build.0 = Debug|Any CPU
		{10D84D9C-705C-4368-9183-A46DF34B4A61}.Release|Any CPU.ActiveCfg = Release|Any CPU
		{10D84D9C-705C-4368-9183-A46DF34B4A61}.Release|Any CPU.Build.0 = Release|Any CPU
		{10D84D9C-705C-4368-9183-A46DF34B4A61}.Release|x64.ActiveCfg = Release|Any CPU
		{10D84D9C-705C-4368-9183-A46DF34B4A61}.Release|x64.Build.0 = Release|Any CPU
		{10D84D9C-705C-4368-9183-A46DF34B4A61}.Release|x86.ActiveCfg = Release|Any CPU
		{10D84D9C-705C-4368-9183-A46DF34B4A61}.Release|x86.Build.0 = Release|Any CPU
		{1BBB390E-2AA2-419C-8FEE-AD0FD05FA9F6}.Debug|Any CPU.ActiveCfg = Debug|Any CPU
		{1BBB390E-2AA2-419C-8FEE-AD0FD05FA9F6}.Debug|Any CPU.Build.0 = Debug|Any CPU
		{1BBB390E-2AA2-419C-8FEE-AD0FD05FA9F6}.Debug|x64.ActiveCfg = Debug|Any CPU
		{1BBB390E-2AA2-419C-8FEE-AD0FD05FA9F6}.Debug|x64.Build.0 = Debug|Any CPU
		{1BBB390E-2AA2-419C-8FEE-AD0FD05FA9F6}.Debug|x86.ActiveCfg = Debug|Any CPU
		{1BBB390E-2AA2-419C-8FEE-AD0FD05FA9F6}.Debug|x86.Build.0 = Debug|Any CPU
		{1BBB390E-2AA2-419C-8FEE-AD0FD05FA9F6}.Release|Any CPU.ActiveCfg = Release|Any CPU
		{1BBB390E-2AA2-419C-8FEE-AD0FD05FA9F6}.Release|Any CPU.Build.0 = Release|Any CPU
		{1BBB390E-2AA2-419C-8FEE-AD0FD05FA9F6}.Release|x64.ActiveCfg = Release|Any CPU
		{1BBB390E-2AA2-419C-8FEE-AD0FD05FA9F6}.Release|x64.Build.0 = Release|Any CPU
		{1BBB390E-2AA2-419C-8FEE-AD0FD05FA9F6}.Release|x86.ActiveCfg = Release|Any CPU
		{1BBB390E-2AA2-419C-8FEE-AD0FD05FA9F6}.Release|x86.Build.0 = Release|Any CPU
		{EE0CB246-1080-4451-AB9F-E2023F52BFD8}.Debug|Any CPU.ActiveCfg = Debug|Any CPU
		{EE0CB246-1080-4451-AB9F-E2023F52BFD8}.Debug|Any CPU.Build.0 = Debug|Any CPU
		{EE0CB246-1080-4451-AB9F-E2023F52BFD8}.Debug|x64.ActiveCfg = Debug|Any CPU
		{EE0CB246-1080-4451-AB9F-E2023F52BFD8}.Debug|x64.Build.0 = Debug|Any CPU
		{EE0CB246-1080-4451-AB9F-E2023F52BFD8}.Debug|x86.ActiveCfg = Debug|Any CPU
		{EE0CB246-1080-4451-AB9F-E2023F52BFD8}.Debug|x86.Build.0 = Debug|Any CPU
		{EE0CB246-1080-4451-AB9F-E2023F52BFD8}.Release|Any CPU.ActiveCfg = Release|Any CPU
		{EE0CB246-1080-4451-AB9F-E2023F52BFD8}.Release|Any CPU.Build.0 = Release|Any CPU
		{EE0CB246-1080-4451-AB9F-E2023F52BFD8}.Release|x64.ActiveCfg = Release|Any CPU
		{EE0CB246-1080-4451-AB9F-E2023F52BFD8}.Release|x64.Build.0 = Release|Any CPU
		{EE0CB246-1080-4451-AB9F-E2023F52BFD8}.Release|x86.ActiveCfg = Release|Any CPU
		{EE0CB246-1080-4451-AB9F-E2023F52BFD8}.Release|x86.Build.0 = Release|Any CPU
		{AED395FC-80E3-4F0B-8C74-20D580E20533}.Debug|Any CPU.ActiveCfg = Debug|Any CPU
		{AED395FC-80E3-4F0B-8C74-20D580E20533}.Debug|Any CPU.Build.0 = Debug|Any CPU
		{AED395FC-80E3-4F0B-8C74-20D580E20533}.Debug|x64.ActiveCfg = Debug|Any CPU
		{AED395FC-80E3-4F0B-8C74-20D580E20533}.Debug|x64.Build.0 = Debug|Any CPU
		{AED395FC-80E3-4F0B-8C74-20D580E20533}.Debug|x86.ActiveCfg = Debug|Any CPU
		{AED395FC-80E3-4F0B-8C74-20D580E20533}.Debug|x86.Build.0 = Debug|Any CPU
		{AED395FC-80E3-4F0B-8C74-20D580E20533}.Release|Any CPU.ActiveCfg = Release|Any CPU
		{AED395FC-80E3-4F0B-8C74-20D580E20533}.Release|Any CPU.Build.0 = Release|Any CPU
		{AED395FC-80E3-4F0B-8C74-20D580E20533}.Release|x64.ActiveCfg = Release|Any CPU
		{AED395FC-80E3-4F0B-8C74-20D580E20533}.Release|x64.Build.0 = Release|Any CPU
		{AED395FC-80E3-4F0B-8C74-20D580E20533}.Release|x86.ActiveCfg = Release|Any CPU
		{AED395FC-80E3-4F0B-8C74-20D580E20533}.Release|x86.Build.0 = Release|Any CPU
		{B5852D60-EF6B-4144-8964-EB5AEB9A6A21}.Debug|Any CPU.ActiveCfg = Debug|Any CPU
		{B5852D60-EF6B-4144-8964-EB5AEB9A6A21}.Debug|Any CPU.Build.0 = Debug|Any CPU
		{B5852D60-EF6B-4144-8964-EB5AEB9A6A21}.Debug|x64.ActiveCfg = Debug|Any CPU
		{B5852D60-EF6B-4144-8964-EB5AEB9A6A21}.Debug|x64.Build.0 = Debug|Any CPU
		{B5852D60-EF6B-4144-8964-EB5AEB9A6A21}.Debug|x86.ActiveCfg = Debug|Any CPU
		{B5852D60-EF6B-4144-8964-EB5AEB9A6A21}.Debug|x86.Build.0 = Debug|Any CPU
		{B5852D60-EF6B-4144-8964-EB5AEB9A6A21}.Release|Any CPU.ActiveCfg = Release|Any CPU
		{B5852D60-EF6B-4144-8964-EB5AEB9A6A21}.Release|Any CPU.Build.0 = Release|Any CPU
		{B5852D60-EF6B-4144-8964-EB5AEB9A6A21}.Release|x64.ActiveCfg = Release|Any CPU
		{B5852D60-EF6B-4144-8964-EB5AEB9A6A21}.Release|x64.Build.0 = Release|Any CPU
		{B5852D60-EF6B-4144-8964-EB5AEB9A6A21}.Release|x86.ActiveCfg = Release|Any CPU
		{B5852D60-EF6B-4144-8964-EB5AEB9A6A21}.Release|x86.Build.0 = Release|Any CPU
		{B81D9FAB-D8A2-4405-82E0-CA027286DC67}.Debug|Any CPU.ActiveCfg = Debug|Any CPU
		{B81D9FAB-D8A2-4405-82E0-CA027286DC67}.Debug|Any CPU.Build.0 = Debug|Any CPU
		{B81D9FAB-D8A2-4405-82E0-CA027286DC67}.Debug|x64.ActiveCfg = Debug|Any CPU
		{B81D9FAB-D8A2-4405-82E0-CA027286DC67}.Debug|x64.Build.0 = Debug|Any CPU
		{B81D9FAB-D8A2-4405-82E0-CA027286DC67}.Debug|x86.ActiveCfg = Debug|Any CPU
		{B81D9FAB-D8A2-4405-82E0-CA027286DC67}.Debug|x86.Build.0 = Debug|Any CPU
		{B81D9FAB-D8A2-4405-82E0-CA027286DC67}.Release|Any CPU.ActiveCfg = Release|Any CPU
		{B81D9FAB-D8A2-4405-82E0-CA027286DC67}.Release|Any CPU.Build.0 = Release|Any CPU
		{B81D9FAB-D8A2-4405-82E0-CA027286DC67}.Release|x64.ActiveCfg = Release|Any CPU
		{B81D9FAB-D8A2-4405-82E0-CA027286DC67}.Release|x64.Build.0 = Release|Any CPU
		{B81D9FAB-D8A2-4405-82E0-CA027286DC67}.Release|x86.ActiveCfg = Release|Any CPU
		{B81D9FAB-D8A2-4405-82E0-CA027286DC67}.Release|x86.Build.0 = Release|Any CPU
		{364910BA-20DC-4D65-91AF-ADBDB8C4A981}.Debug|Any CPU.ActiveCfg = Debug|Any CPU
		{364910BA-20DC-4D65-91AF-ADBDB8C4A981}.Debug|Any CPU.Build.0 = Debug|Any CPU
		{364910BA-20DC-4D65-91AF-ADBDB8C4A981}.Debug|x64.ActiveCfg = Debug|Any CPU
		{364910BA-20DC-4D65-91AF-ADBDB8C4A981}.Debug|x64.Build.0 = Debug|Any CPU
		{364910BA-20DC-4D65-91AF-ADBDB8C4A981}.Debug|x86.ActiveCfg = Debug|Any CPU
		{364910BA-20DC-4D65-91AF-ADBDB8C4A981}.Debug|x86.Build.0 = Debug|Any CPU
		{364910BA-20DC-4D65-91AF-ADBDB8C4A981}.Release|Any CPU.ActiveCfg = Release|Any CPU
		{364910BA-20DC-4D65-91AF-ADBDB8C4A981}.Release|Any CPU.Build.0 = Release|Any CPU
		{364910BA-20DC-4D65-91AF-ADBDB8C4A981}.Release|x64.ActiveCfg = Release|Any CPU
		{364910BA-20DC-4D65-91AF-ADBDB8C4A981}.Release|x64.Build.0 = Release|Any CPU
		{364910BA-20DC-4D65-91AF-ADBDB8C4A981}.Release|x86.ActiveCfg = Release|Any CPU
		{364910BA-20DC-4D65-91AF-ADBDB8C4A981}.Release|x86.Build.0 = Release|Any CPU
		{811F7790-F467-439E-9AB0-7D75B86F3B08}.Debug|Any CPU.ActiveCfg = Debug|Any CPU
		{811F7790-F467-439E-9AB0-7D75B86F3B08}.Debug|Any CPU.Build.0 = Debug|Any CPU
		{811F7790-F467-439E-9AB0-7D75B86F3B08}.Debug|x64.ActiveCfg = Debug|Any CPU
		{811F7790-F467-439E-9AB0-7D75B86F3B08}.Debug|x64.Build.0 = Debug|Any CPU
		{811F7790-F467-439E-9AB0-7D75B86F3B08}.Debug|x86.ActiveCfg = Debug|Any CPU
		{811F7790-F467-439E-9AB0-7D75B86F3B08}.Debug|x86.Build.0 = Debug|Any CPU
		{811F7790-F467-439E-9AB0-7D75B86F3B08}.Release|Any CPU.ActiveCfg = Release|Any CPU
		{811F7790-F467-439E-9AB0-7D75B86F3B08}.Release|Any CPU.Build.0 = Release|Any CPU
		{811F7790-F467-439E-9AB0-7D75B86F3B08}.Release|x64.ActiveCfg = Release|Any CPU
		{811F7790-F467-439E-9AB0-7D75B86F3B08}.Release|x64.Build.0 = Release|Any CPU
		{811F7790-F467-439E-9AB0-7D75B86F3B08}.Release|x86.ActiveCfg = Release|Any CPU
		{811F7790-F467-439E-9AB0-7D75B86F3B08}.Release|x86.Build.0 = Release|Any CPU
		{6903B524-CCD5-437F-B414-76CAD577D987}.Debug|Any CPU.ActiveCfg = Debug|Any CPU
		{6903B524-CCD5-437F-B414-76CAD577D987}.Debug|Any CPU.Build.0 = Debug|Any CPU
		{6903B524-CCD5-437F-B414-76CAD577D987}.Debug|x64.ActiveCfg = Debug|Any CPU
		{6903B524-CCD5-437F-B414-76CAD577D987}.Debug|x64.Build.0 = Debug|Any CPU
		{6903B524-CCD5-437F-B414-76CAD577D987}.Debug|x86.ActiveCfg = Debug|Any CPU
		{6903B524-CCD5-437F-B414-76CAD577D987}.Debug|x86.Build.0 = Debug|Any CPU
		{6903B524-CCD5-437F-B414-76CAD577D987}.Release|Any CPU.ActiveCfg = Release|Any CPU
		{6903B524-CCD5-437F-B414-76CAD577D987}.Release|Any CPU.Build.0 = Release|Any CPU
		{6903B524-CCD5-437F-B414-76CAD577D987}.Release|x64.ActiveCfg = Release|Any CPU
		{6903B524-CCD5-437F-B414-76CAD577D987}.Release|x64.Build.0 = Release|Any CPU
		{6903B524-CCD5-437F-B414-76CAD577D987}.Release|x86.ActiveCfg = Release|Any CPU
		{6903B524-CCD5-437F-B414-76CAD577D987}.Release|x86.Build.0 = Release|Any CPU
		{A2DEEAF5-F6B4-4727-A322-129ACCCF0FE7}.Debug|Any CPU.ActiveCfg = Debug|Any CPU
		{A2DEEAF5-F6B4-4727-A322-129ACCCF0FE7}.Debug|Any CPU.Build.0 = Debug|Any CPU
		{A2DEEAF5-F6B4-4727-A322-129ACCCF0FE7}.Debug|x64.ActiveCfg = Debug|Any CPU
		{A2DEEAF5-F6B4-4727-A322-129ACCCF0FE7}.Debug|x64.Build.0 = Debug|Any CPU
		{A2DEEAF5-F6B4-4727-A322-129ACCCF0FE7}.Debug|x86.ActiveCfg = Debug|Any CPU
		{A2DEEAF5-F6B4-4727-A322-129ACCCF0FE7}.Debug|x86.Build.0 = Debug|Any CPU
		{A2DEEAF5-F6B4-4727-A322-129ACCCF0FE7}.Release|Any CPU.ActiveCfg = Release|Any CPU
		{A2DEEAF5-F6B4-4727-A322-129ACCCF0FE7}.Release|Any CPU.Build.0 = Release|Any CPU
		{A2DEEAF5-F6B4-4727-A322-129ACCCF0FE7}.Release|x64.ActiveCfg = Release|Any CPU
		{A2DEEAF5-F6B4-4727-A322-129ACCCF0FE7}.Release|x64.Build.0 = Release|Any CPU
		{A2DEEAF5-F6B4-4727-A322-129ACCCF0FE7}.Release|x86.ActiveCfg = Release|Any CPU
		{A2DEEAF5-F6B4-4727-A322-129ACCCF0FE7}.Release|x86.Build.0 = Release|Any CPU
		{7F1A9F5E-9219-4E60-8D7A-1BF814799E0A}.Debug|Any CPU.ActiveCfg = Debug|Any CPU
		{7F1A9F5E-9219-4E60-8D7A-1BF814799E0A}.Debug|Any CPU.Build.0 = Debug|Any CPU
		{7F1A9F5E-9219-4E60-8D7A-1BF814799E0A}.Debug|x64.ActiveCfg = Debug|Any CPU
		{7F1A9F5E-9219-4E60-8D7A-1BF814799E0A}.Debug|x64.Build.0 = Debug|Any CPU
		{7F1A9F5E-9219-4E60-8D7A-1BF814799E0A}.Debug|x86.ActiveCfg = Debug|Any CPU
		{7F1A9F5E-9219-4E60-8D7A-1BF814799E0A}.Debug|x86.Build.0 = Debug|Any CPU
		{7F1A9F5E-9219-4E60-8D7A-1BF814799E0A}.Release|Any CPU.ActiveCfg = Release|Any CPU
		{7F1A9F5E-9219-4E60-8D7A-1BF814799E0A}.Release|Any CPU.Build.0 = Release|Any CPU
		{7F1A9F5E-9219-4E60-8D7A-1BF814799E0A}.Release|x64.ActiveCfg = Release|Any CPU
		{7F1A9F5E-9219-4E60-8D7A-1BF814799E0A}.Release|x64.Build.0 = Release|Any CPU
		{7F1A9F5E-9219-4E60-8D7A-1BF814799E0A}.Release|x86.ActiveCfg = Release|Any CPU
		{7F1A9F5E-9219-4E60-8D7A-1BF814799E0A}.Release|x86.Build.0 = Release|Any CPU
		{B777A71C-BC9E-4F02-B8C7-F8FBAB871E1A}.Debug|Any CPU.ActiveCfg = Debug|Any CPU
		{B777A71C-BC9E-4F02-B8C7-F8FBAB871E1A}.Debug|Any CPU.Build.0 = Debug|Any CPU
		{B777A71C-BC9E-4F02-B8C7-F8FBAB871E1A}.Debug|x64.ActiveCfg = Debug|Any CPU
		{B777A71C-BC9E-4F02-B8C7-F8FBAB871E1A}.Debug|x64.Build.0 = Debug|Any CPU
		{B777A71C-BC9E-4F02-B8C7-F8FBAB871E1A}.Debug|x86.ActiveCfg = Debug|Any CPU
		{B777A71C-BC9E-4F02-B8C7-F8FBAB871E1A}.Debug|x86.Build.0 = Debug|Any CPU
		{B777A71C-BC9E-4F02-B8C7-F8FBAB871E1A}.Release|Any CPU.ActiveCfg = Release|Any CPU
		{B777A71C-BC9E-4F02-B8C7-F8FBAB871E1A}.Release|Any CPU.Build.0 = Release|Any CPU
		{B777A71C-BC9E-4F02-B8C7-F8FBAB871E1A}.Release|x64.ActiveCfg = Release|Any CPU
		{B777A71C-BC9E-4F02-B8C7-F8FBAB871E1A}.Release|x64.Build.0 = Release|Any CPU
		{B777A71C-BC9E-4F02-B8C7-F8FBAB871E1A}.Release|x86.ActiveCfg = Release|Any CPU
		{B777A71C-BC9E-4F02-B8C7-F8FBAB871E1A}.Release|x86.Build.0 = Release|Any CPU
		{A5C27419-1D6D-4AB0-9D3A-1CCB1906C45B}.Debug|Any CPU.ActiveCfg = Debug|Any CPU
		{A5C27419-1D6D-4AB0-9D3A-1CCB1906C45B}.Debug|Any CPU.Build.0 = Debug|Any CPU
		{A5C27419-1D6D-4AB0-9D3A-1CCB1906C45B}.Debug|x64.ActiveCfg = Debug|Any CPU
		{A5C27419-1D6D-4AB0-9D3A-1CCB1906C45B}.Debug|x64.Build.0 = Debug|Any CPU
		{A5C27419-1D6D-4AB0-9D3A-1CCB1906C45B}.Debug|x86.ActiveCfg = Debug|Any CPU
		{A5C27419-1D6D-4AB0-9D3A-1CCB1906C45B}.Debug|x86.Build.0 = Debug|Any CPU
		{A5C27419-1D6D-4AB0-9D3A-1CCB1906C45B}.Release|Any CPU.ActiveCfg = Release|Any CPU
		{A5C27419-1D6D-4AB0-9D3A-1CCB1906C45B}.Release|Any CPU.Build.0 = Release|Any CPU
		{A5C27419-1D6D-4AB0-9D3A-1CCB1906C45B}.Release|x64.ActiveCfg = Release|Any CPU
		{A5C27419-1D6D-4AB0-9D3A-1CCB1906C45B}.Release|x64.Build.0 = Release|Any CPU
		{A5C27419-1D6D-4AB0-9D3A-1CCB1906C45B}.Release|x86.ActiveCfg = Release|Any CPU
		{A5C27419-1D6D-4AB0-9D3A-1CCB1906C45B}.Release|x86.Build.0 = Release|Any CPU
		{C5CCF63F-4EAA-443A-B21F-57457B4D7675}.Debug|Any CPU.ActiveCfg = Debug|Any CPU
		{C5CCF63F-4EAA-443A-B21F-57457B4D7675}.Debug|Any CPU.Build.0 = Debug|Any CPU
		{C5CCF63F-4EAA-443A-B21F-57457B4D7675}.Debug|x64.ActiveCfg = Debug|Any CPU
		{C5CCF63F-4EAA-443A-B21F-57457B4D7675}.Debug|x64.Build.0 = Debug|Any CPU
		{C5CCF63F-4EAA-443A-B21F-57457B4D7675}.Debug|x86.ActiveCfg = Debug|Any CPU
		{C5CCF63F-4EAA-443A-B21F-57457B4D7675}.Debug|x86.Build.0 = Debug|Any CPU
		{C5CCF63F-4EAA-443A-B21F-57457B4D7675}.Release|Any CPU.ActiveCfg = Release|Any CPU
		{C5CCF63F-4EAA-443A-B21F-57457B4D7675}.Release|Any CPU.Build.0 = Release|Any CPU
		{C5CCF63F-4EAA-443A-B21F-57457B4D7675}.Release|x64.ActiveCfg = Release|Any CPU
		{C5CCF63F-4EAA-443A-B21F-57457B4D7675}.Release|x64.Build.0 = Release|Any CPU
		{C5CCF63F-4EAA-443A-B21F-57457B4D7675}.Release|x86.ActiveCfg = Release|Any CPU
		{C5CCF63F-4EAA-443A-B21F-57457B4D7675}.Release|x86.Build.0 = Release|Any CPU
		{7355CEE4-337A-4749-B405-7448A89B9DDD}.Debug|Any CPU.ActiveCfg = Debug|Any CPU
		{7355CEE4-337A-4749-B405-7448A89B9DDD}.Debug|Any CPU.Build.0 = Debug|Any CPU
		{7355CEE4-337A-4749-B405-7448A89B9DDD}.Debug|x64.ActiveCfg = Debug|Any CPU
		{7355CEE4-337A-4749-B405-7448A89B9DDD}.Debug|x64.Build.0 = Debug|Any CPU
		{7355CEE4-337A-4749-B405-7448A89B9DDD}.Debug|x86.ActiveCfg = Debug|Any CPU
		{7355CEE4-337A-4749-B405-7448A89B9DDD}.Debug|x86.Build.0 = Debug|Any CPU
		{7355CEE4-337A-4749-B405-7448A89B9DDD}.Release|Any CPU.ActiveCfg = Release|Any CPU
		{7355CEE4-337A-4749-B405-7448A89B9DDD}.Release|Any CPU.Build.0 = Release|Any CPU
		{7355CEE4-337A-4749-B405-7448A89B9DDD}.Release|x64.ActiveCfg = Release|Any CPU
		{7355CEE4-337A-4749-B405-7448A89B9DDD}.Release|x64.Build.0 = Release|Any CPU
		{7355CEE4-337A-4749-B405-7448A89B9DDD}.Release|x86.ActiveCfg = Release|Any CPU
		{7355CEE4-337A-4749-B405-7448A89B9DDD}.Release|x86.Build.0 = Release|Any CPU
		{D17E7C9A-8BE0-4C73-8FF3-B5E0508A09C9}.Debug|Any CPU.ActiveCfg = Debug|Any CPU
		{D17E7C9A-8BE0-4C73-8FF3-B5E0508A09C9}.Debug|Any CPU.Build.0 = Debug|Any CPU
		{D17E7C9A-8BE0-4C73-8FF3-B5E0508A09C9}.Debug|x64.ActiveCfg = Debug|Any CPU
		{D17E7C9A-8BE0-4C73-8FF3-B5E0508A09C9}.Debug|x64.Build.0 = Debug|Any CPU
		{D17E7C9A-8BE0-4C73-8FF3-B5E0508A09C9}.Debug|x86.ActiveCfg = Debug|Any CPU
		{D17E7C9A-8BE0-4C73-8FF3-B5E0508A09C9}.Debug|x86.Build.0 = Debug|Any CPU
		{D17E7C9A-8BE0-4C73-8FF3-B5E0508A09C9}.Release|Any CPU.ActiveCfg = Release|Any CPU
		{D17E7C9A-8BE0-4C73-8FF3-B5E0508A09C9}.Release|Any CPU.Build.0 = Release|Any CPU
		{D17E7C9A-8BE0-4C73-8FF3-B5E0508A09C9}.Release|x64.ActiveCfg = Release|Any CPU
		{D17E7C9A-8BE0-4C73-8FF3-B5E0508A09C9}.Release|x64.Build.0 = Release|Any CPU
		{D17E7C9A-8BE0-4C73-8FF3-B5E0508A09C9}.Release|x86.ActiveCfg = Release|Any CPU
		{D17E7C9A-8BE0-4C73-8FF3-B5E0508A09C9}.Release|x86.Build.0 = Release|Any CPU
		{37681E8C-BA4C-4A60-98DA-24964954B3C3}.Debug|Any CPU.ActiveCfg = Debug|Any CPU
		{37681E8C-BA4C-4A60-98DA-24964954B3C3}.Debug|Any CPU.Build.0 = Debug|Any CPU
		{37681E8C-BA4C-4A60-98DA-24964954B3C3}.Debug|x64.ActiveCfg = Debug|Any CPU
		{37681E8C-BA4C-4A60-98DA-24964954B3C3}.Debug|x64.Build.0 = Debug|Any CPU
		{37681E8C-BA4C-4A60-98DA-24964954B3C3}.Debug|x86.ActiveCfg = Debug|Any CPU
		{37681E8C-BA4C-4A60-98DA-24964954B3C3}.Debug|x86.Build.0 = Debug|Any CPU
		{37681E8C-BA4C-4A60-98DA-24964954B3C3}.Release|Any CPU.ActiveCfg = Release|Any CPU
		{37681E8C-BA4C-4A60-98DA-24964954B3C3}.Release|Any CPU.Build.0 = Release|Any CPU
		{37681E8C-BA4C-4A60-98DA-24964954B3C3}.Release|x64.ActiveCfg = Release|Any CPU
		{37681E8C-BA4C-4A60-98DA-24964954B3C3}.Release|x64.Build.0 = Release|Any CPU
		{37681E8C-BA4C-4A60-98DA-24964954B3C3}.Release|x86.ActiveCfg = Release|Any CPU
		{37681E8C-BA4C-4A60-98DA-24964954B3C3}.Release|x86.Build.0 = Release|Any CPU
		{15902A02-2805-41DB-A321-802BB032F37C}.Debug|Any CPU.ActiveCfg = Debug|Any CPU
		{15902A02-2805-41DB-A321-802BB032F37C}.Debug|Any CPU.Build.0 = Debug|Any CPU
		{15902A02-2805-41DB-A321-802BB032F37C}.Debug|x64.ActiveCfg = Debug|Any CPU
		{15902A02-2805-41DB-A321-802BB032F37C}.Debug|x64.Build.0 = Debug|Any CPU
		{15902A02-2805-41DB-A321-802BB032F37C}.Debug|x86.ActiveCfg = Debug|Any CPU
		{15902A02-2805-41DB-A321-802BB032F37C}.Debug|x86.Build.0 = Debug|Any CPU
		{15902A02-2805-41DB-A321-802BB032F37C}.Release|Any CPU.ActiveCfg = Release|Any CPU
		{15902A02-2805-41DB-A321-802BB032F37C}.Release|Any CPU.Build.0 = Release|Any CPU
		{15902A02-2805-41DB-A321-802BB032F37C}.Release|x64.ActiveCfg = Release|Any CPU
		{15902A02-2805-41DB-A321-802BB032F37C}.Release|x64.Build.0 = Release|Any CPU
		{15902A02-2805-41DB-A321-802BB032F37C}.Release|x86.ActiveCfg = Release|Any CPU
		{15902A02-2805-41DB-A321-802BB032F37C}.Release|x86.Build.0 = Release|Any CPU
		{94BC6D7B-7251-4674-84FD-294F0C94A56C}.Debug|Any CPU.ActiveCfg = Debug|Any CPU
		{94BC6D7B-7251-4674-84FD-294F0C94A56C}.Debug|Any CPU.Build.0 = Debug|Any CPU
		{94BC6D7B-7251-4674-84FD-294F0C94A56C}.Debug|x64.ActiveCfg = Debug|Any CPU
		{94BC6D7B-7251-4674-84FD-294F0C94A56C}.Debug|x64.Build.0 = Debug|Any CPU
		{94BC6D7B-7251-4674-84FD-294F0C94A56C}.Debug|x86.ActiveCfg = Debug|Any CPU
		{94BC6D7B-7251-4674-84FD-294F0C94A56C}.Debug|x86.Build.0 = Debug|Any CPU
		{94BC6D7B-7251-4674-84FD-294F0C94A56C}.Release|Any CPU.ActiveCfg = Release|Any CPU
		{94BC6D7B-7251-4674-84FD-294F0C94A56C}.Release|Any CPU.Build.0 = Release|Any CPU
		{94BC6D7B-7251-4674-84FD-294F0C94A56C}.Release|x64.ActiveCfg = Release|Any CPU
		{94BC6D7B-7251-4674-84FD-294F0C94A56C}.Release|x64.Build.0 = Release|Any CPU
		{94BC6D7B-7251-4674-84FD-294F0C94A56C}.Release|x86.ActiveCfg = Release|Any CPU
		{94BC6D7B-7251-4674-84FD-294F0C94A56C}.Release|x86.Build.0 = Release|Any CPU
		{71302D46-294F-4334-AD3B-A9A620C0795A}.Debug|Any CPU.ActiveCfg = Debug|Any CPU
		{71302D46-294F-4334-AD3B-A9A620C0795A}.Debug|Any CPU.Build.0 = Debug|Any CPU
		{71302D46-294F-4334-AD3B-A9A620C0795A}.Debug|x64.ActiveCfg = Debug|Any CPU
		{71302D46-294F-4334-AD3B-A9A620C0795A}.Debug|x64.Build.0 = Debug|Any CPU
		{71302D46-294F-4334-AD3B-A9A620C0795A}.Debug|x86.ActiveCfg = Debug|Any CPU
		{71302D46-294F-4334-AD3B-A9A620C0795A}.Debug|x86.Build.0 = Debug|Any CPU
		{71302D46-294F-4334-AD3B-A9A620C0795A}.Release|Any CPU.ActiveCfg = Release|Any CPU
		{71302D46-294F-4334-AD3B-A9A620C0795A}.Release|Any CPU.Build.0 = Release|Any CPU
		{71302D46-294F-4334-AD3B-A9A620C0795A}.Release|x64.ActiveCfg = Release|Any CPU
		{71302D46-294F-4334-AD3B-A9A620C0795A}.Release|x64.Build.0 = Release|Any CPU
		{71302D46-294F-4334-AD3B-A9A620C0795A}.Release|x86.ActiveCfg = Release|Any CPU
		{71302D46-294F-4334-AD3B-A9A620C0795A}.Release|x86.Build.0 = Release|Any CPU
		{A1B2C3D4-0002-4000-8000-000000000002}.Debug|Any CPU.ActiveCfg = Debug|Any CPU
		{A1B2C3D4-0002-4000-8000-000000000002}.Debug|Any CPU.Build.0 = Debug|Any CPU
		{A1B2C3D4-0002-4000-8000-000000000002}.Debug|x64.ActiveCfg = Debug|Any CPU
		{A1B2C3D4-0002-4000-8000-000000000002}.Debug|x64.Build.0 = Debug|Any CPU
		{A1B2C3D4-0002-4000-8000-000000000002}.Debug|x86.ActiveCfg = Debug|Any CPU
		{A1B2C3D4-0002-4000-8000-000000000002}.Debug|x86.Build.0 = Debug|Any CPU
		{A1B2C3D4-0002-4000-8000-000000000002}.Release|Any CPU.ActiveCfg = Release|Any CPU
		{A1B2C3D4-0002-4000-8000-000000000002}.Release|Any CPU.Build.0 = Release|Any CPU
		{A1B2C3D4-0002-4000-8000-000000000002}.Release|x64.ActiveCfg = Release|Any CPU
		{A1B2C3D4-0002-4000-8000-000000000002}.Release|x64.Build.0 = Release|Any CPU
		{A1B2C3D4-0002-4000-8000-000000000002}.Release|x86.ActiveCfg = Release|Any CPU
		{A1B2C3D4-0002-4000-8000-000000000002}.Release|x86.Build.0 = Release|Any CPU
		{A1B2C3D4-0003-4000-8000-000000000003}.Debug|Any CPU.ActiveCfg = Debug|Any CPU
		{A1B2C3D4-0003-4000-8000-000000000003}.Debug|Any CPU.Build.0 = Debug|Any CPU
		{A1B2C3D4-0003-4000-8000-000000000003}.Debug|x64.ActiveCfg = Debug|Any CPU
		{A1B2C3D4-0003-4000-8000-000000000003}.Debug|x64.Build.0 = Debug|Any CPU
		{A1B2C3D4-0003-4000-8000-000000000003}.Debug|x86.ActiveCfg = Debug|Any CPU
		{A1B2C3D4-0003-4000-8000-000000000003}.Debug|x86.Build.0 = Debug|Any CPU
		{A1B2C3D4-0003-4000-8000-000000000003}.Release|Any CPU.ActiveCfg = Release|Any CPU
		{A1B2C3D4-0003-4000-8000-000000000003}.Release|Any CPU.Build.0 = Release|Any CPU
		{A1B2C3D4-0003-4000-8000-000000000003}.Release|x64.ActiveCfg = Release|Any CPU
		{A1B2C3D4-0003-4000-8000-000000000003}.Release|x64.Build.0 = Release|Any CPU
		{A1B2C3D4-0003-4000-8000-000000000003}.Release|x86.ActiveCfg = Release|Any CPU
		{A1B2C3D4-0003-4000-8000-000000000003}.Release|x86.Build.0 = Release|Any CPU
		{C9B7D0A4-325A-4BB0-9D4D-92A6011FC7CE}.Debug|Any CPU.ActiveCfg = Debug|Any CPU
		{C9B7D0A4-325A-4BB0-9D4D-92A6011FC7CE}.Debug|Any CPU.Build.0 = Debug|Any CPU
		{C9B7D0A4-325A-4BB0-9D4D-92A6011FC7CE}.Debug|x64.ActiveCfg = Debug|Any CPU
		{C9B7D0A4-325A-4BB0-9D4D-92A6011FC7CE}.Debug|x64.Build.0 = Debug|Any CPU
		{C9B7D0A4-325A-4BB0-9D4D-92A6011FC7CE}.Debug|x86.ActiveCfg = Debug|Any CPU
		{C9B7D0A4-325A-4BB0-9D4D-92A6011FC7CE}.Debug|x86.Build.0 = Debug|Any CPU
		{C9B7D0A4-325A-4BB0-9D4D-92A6011FC7CE}.Release|Any CPU.ActiveCfg = Release|Any CPU
		{C9B7D0A4-325A-4BB0-9D4D-92A6011FC7CE}.Release|Any CPU.Build.0 = Release|Any CPU
		{C9B7D0A4-325A-4BB0-9D4D-92A6011FC7CE}.Release|x64.ActiveCfg = Release|Any CPU
		{C9B7D0A4-325A-4BB0-9D4D-92A6011FC7CE}.Release|x64.Build.0 = Release|Any CPU
		{C9B7D0A4-325A-4BB0-9D4D-92A6011FC7CE}.Release|x86.ActiveCfg = Release|Any CPU
		{C9B7D0A4-325A-4BB0-9D4D-92A6011FC7CE}.Release|x86.Build.0 = Release|Any CPU
	EndGlobalSection
	GlobalSection(SolutionProperties) = preSolution
		HideSolutionNode = FALSE
	EndGlobalSection
	GlobalSection(NestedProjects) = preSolution
		{0F8B6267-3A5F-448E-A91F-0CF0E0714FD4} = {827E0CD3-B72D-47B6-A68D-7590B98EB39B}
		{9850EDC9-C014-488C-BB07-6D28020C8994} = {0AB3BF05-4346-4AA6-1389-037BE0695223}
		{4DE28FCC-CEAD-4C67-BA35-802B999E1AA3} = {827E0CD3-B72D-47B6-A68D-7590B98EB39B}
		{9FF36107-1254-43EF-A550-7AD16D799A98} = {0AB3BF05-4346-4AA6-1389-037BE0695223}
		{2D5F4B42-4ABC-4464-94DE-241F6CBC3EA2} = {827E0CD3-B72D-47B6-A68D-7590B98EB39B}
		{C8540F41-E7C1-4A74-A845-240659B92E04} = {0AB3BF05-4346-4AA6-1389-037BE0695223}
		{E0AE9274-7D4C-47FA-A2FD-2BBC57D19DFB} = {827E0CD3-B72D-47B6-A68D-7590B98EB39B}
		{00C93B4C-1145-4FF3-8126-7C48B220AEEC} = {0AB3BF05-4346-4AA6-1389-037BE0695223}
		{F5501078-8FDF-414C-AC66-4F470A43EC05} = {0AB3BF05-4346-4AA6-1389-037BE0695223}
		{10D84D9C-705C-4368-9183-A46DF34B4A61} = {827E0CD3-B72D-47B6-A68D-7590B98EB39B}
		{1BBB390E-2AA2-419C-8FEE-AD0FD05FA9F6} = {0AB3BF05-4346-4AA6-1389-037BE0695223}
		{82FF9852-D456-48A4-F82C-8B6EE58700A6} = {827E0CD3-B72D-47B6-A68D-7590B98EB39B}
		{05F6B5DF-6232-08A3-4F37-3DFAA1AF3FCE} = {82FF9852-D456-48A4-F82C-8B6EE58700A6}
		{EE0CB246-1080-4451-AB9F-E2023F52BFD8} = {05F6B5DF-6232-08A3-4F37-3DFAA1AF3FCE}
		{AED395FC-80E3-4F0B-8C74-20D580E20533} = {05F6B5DF-6232-08A3-4F37-3DFAA1AF3FCE}
		{FF30EEA2-560D-A1E0-2527-7DEEE9643BAD} = {82FF9852-D456-48A4-F82C-8B6EE58700A6}
		{B5852D60-EF6B-4144-8964-EB5AEB9A6A21} = {FF30EEA2-560D-A1E0-2527-7DEEE9643BAD}
		{B81D9FAB-D8A2-4405-82E0-CA027286DC67} = {0AB3BF05-4346-4AA6-1389-037BE0695223}
		{335A53F8-FEC2-3C74-0F00-6022ED2AD97E} = {82FF9852-D456-48A4-F82C-8B6EE58700A6}
		{364910BA-20DC-4D65-91AF-ADBDB8C4A981} = {335A53F8-FEC2-3C74-0F00-6022ED2AD97E}
		{811F7790-F467-439E-9AB0-7D75B86F3B08} = {335A53F8-FEC2-3C74-0F00-6022ED2AD97E}
		{060EBAAE-3630-228F-F7A2-8D58834FF1F7} = {82FF9852-D456-48A4-F82C-8B6EE58700A6}
		{6903B524-CCD5-437F-B414-76CAD577D987} = {060EBAAE-3630-228F-F7A2-8D58834FF1F7}
		{A2DEEAF5-F6B4-4727-A322-129ACCCF0FE7} = {0AB3BF05-4346-4AA6-1389-037BE0695223}
		{E467BFE3-0554-42DF-988C-BBB7F73782D1} = {82FF9852-D456-48A4-F82C-8B6EE58700A6}
		{7F1A9F5E-9219-4E60-8D7A-1BF814799E0A} = {E467BFE3-0554-42DF-988C-BBB7F73782D1}
		{B777A71C-BC9E-4F02-B8C7-F8FBAB871E1A} = {0AB3BF05-4346-4AA6-1389-037BE0695223}
		{684ED747-5B53-A130-F4D6-85F77239B5B1} = {82FF9852-D456-48A4-F82C-8B6EE58700A6}
		{A5C27419-1D6D-4AB0-9D3A-1CCB1906C45B} = {684ED747-5B53-A130-F4D6-85F77239B5B1}
		{C5CCF63F-4EAA-443A-B21F-57457B4D7675} = {0AB3BF05-4346-4AA6-1389-037BE0695223}
		{AE3C9D7A-9DBD-2FAD-D1C4-109C1A8F7C39} = {82FF9852-D456-48A4-F82C-8B6EE58700A6}
		{7355CEE4-337A-4749-B405-7448A89B9DDD} = {AE3C9D7A-9DBD-2FAD-D1C4-109C1A8F7C39}
		{156E42AA-E6AE-D362-39C9-EC7D7B199C64} = {82FF9852-D456-48A4-F82C-8B6EE58700A6}
		{D17E7C9A-8BE0-4C73-8FF3-B5E0508A09C9} = {156E42AA-E6AE-D362-39C9-EC7D7B199C64}
		{37681E8C-BA4C-4A60-98DA-24964954B3C3} = {0AB3BF05-4346-4AA6-1389-037BE0695223}
		{15902A02-2805-41DB-A321-802BB032F37C} = {0AB3BF05-4346-4AA6-1389-037BE0695223}
		{8D580FFA-13BD-8D44-208E-9442CAE07238} = {82FF9852-D456-48A4-F82C-8B6EE58700A6}
		{94BC6D7B-7251-4674-84FD-294F0C94A56C} = {8D580FFA-13BD-8D44-208E-9442CAE07238}
		{71302D46-294F-4334-AD3B-A9A620C0795A} = {0AB3BF05-4346-4AA6-1389-037BE0695223}
		{A1B2C3D4-0001-4000-8000-000000000001} = {82FF9852-D456-48A4-F82C-8B6EE58700A6}
		{A1B2C3D4-0002-4000-8000-000000000002} = {A1B2C3D4-0001-4000-8000-000000000001}
		{A1B2C3D4-0003-4000-8000-000000000003} = {0AB3BF05-4346-4AA6-1389-037BE0695223}
		{C9B7D0A4-325A-4BB0-9D4D-92A6011FC7CE} = {0AB3BF05-4346-4AA6-1389-037BE0695223}
	EndGlobalSection
EndGlobal
