# This file is automatically @generated by Cargo.
# It is not intended for manual editing.
version = 4

[[package]]
name = "maran-agent"
version = "0.1.0"

[[package]]
name = "maran-agent-core"
version = "0.1.0"

[[package]]
name = "maran-distro"
version = "0.1.0"

[[package]]
name = "maran-ops"
version = "0.1.0"

[[package]]
name = "maran-templates"
version = "0.1.0"
